<?xml version="1.0" encoding="UTF-8"?>
<!DOCTYPE plist PUBLIC "-//Apple//DTD PLIST 1.0//EN" "http://www.apple.com/DTDs/PropertyList-1.0.dtd">
<plist version="1.0">
<dict>
	<key>archiveVersion</key>
	<string>1</string>
	<key>classes</key>
	<dict/>
	<key>objectVersion</key>
	<string>46</string>
	<key>objects</key>
	<dict>
		<key>119B6A29B8C65070C2511A5A</key>
		<dict>
			<key>includeInIndex</key>
			<string>1</string>
			<key>isa</key>
			<string>PBXFileReference</string>
			<key>lastKnownFileType</key>
			<string>text.xcconfig</string>
			<key>name</key>
			<string>Pods-TFLib.debug.xcconfig</string>
			<key>path</key>
			<string>Pods/Target Support Files/Pods-TFLib/Pods-TFLib.debug.xcconfig</string>
			<key>sourceTree</key>
			<string>&lt;group&gt;</string>
		</dict>
		<key>3A2564BF19EE9AC700B71F3F</key>
		<dict>
			<key>children</key>
			<array>
				<string>3A2564C019EE9AC700B71F3F</string>
				<string>3A2564C119EE9AC700B71F3F</string>
				<string>3A2564C219EE9AC700B71F3F</string>
				<string>3A2564C319EE9AC700B71F3F</string>
				<string>3A2564C419EE9AC700B71F3F</string>
				<string>3A2564C519EE9AC700B71F3F</string>
				<string>3A2564C619EE9AC700B71F3F</string>
				<string>3A2564C719EE9AC700B71F3F</string>
				<string>3A2564C819EE9AC700B71F3F</string>
				<string>3A2564C919EE9AC700B71F3F</string>
			</array>
			<key>isa</key>
			<string>PBXGroup</string>
			<key>path</key>
			<string>Fonts</string>
			<key>sourceTree</key>
			<string>&lt;group&gt;</string>
		</dict>
		<key>3A2564C019EE9AC700B71F3F</key>
		<dict>
			<key>isa</key>
			<string>PBXFileReference</string>
			<key>lastKnownFileType</key>
			<string>file</string>
			<key>path</key>
			<string>MyriadPro-Bold.otf</string>
			<key>sourceTree</key>
			<string>&lt;group&gt;</string>
		</dict>
		<key>3A2564C119EE9AC700B71F3F</key>
		<dict>
			<key>isa</key>
			<string>PBXFileReference</string>
			<key>lastKnownFileType</key>
			<string>file</string>
			<key>path</key>
			<string>MyriadPro-BoldCond.otf</string>
			<key>sourceTree</key>
			<string>&lt;group&gt;</string>
		</dict>
		<key>3A2564C219EE9AC700B71F3F</key>
		<dict>
			<key>isa</key>
			<string>PBXFileReference</string>
			<key>lastKnownFileType</key>
			<string>file</string>
			<key>path</key>
			<string>MyriadPro-BoldCondIt.otf</string>
			<key>sourceTree</key>
			<string>&lt;group&gt;</string>
		</dict>
		<key>3A2564C319EE9AC700B71F3F</key>
		<dict>
			<key>isa</key>
			<string>PBXFileReference</string>
			<key>lastKnownFileType</key>
			<string>file</string>
			<key>path</key>
			<string>MyriadPro-BoldIt.otf</string>
			<key>sourceTree</key>
			<string>&lt;group&gt;</string>
		</dict>
		<key>3A2564C419EE9AC700B71F3F</key>
		<dict>
			<key>isa</key>
			<string>PBXFileReference</string>
			<key>lastKnownFileType</key>
			<string>file</string>
			<key>path</key>
			<string>MyriadPro-Cond.otf</string>
			<key>sourceTree</key>
			<string>&lt;group&gt;</string>
		</dict>
		<key>3A2564C519EE9AC700B71F3F</key>
		<dict>
			<key>isa</key>
			<string>PBXFileReference</string>
			<key>lastKnownFileType</key>
			<string>file</string>
			<key>path</key>
			<string>MyriadPro-CondIt.otf</string>
			<key>sourceTree</key>
			<string>&lt;group&gt;</string>
		</dict>
		<key>3A2564C619EE9AC700B71F3F</key>
		<dict>
			<key>isa</key>
			<string>PBXFileReference</string>
			<key>lastKnownFileType</key>
			<string>file</string>
			<key>path</key>
			<string>MyriadPro-It.otf</string>
			<key>sourceTree</key>
			<string>&lt;group&gt;</string>
		</dict>
		<key>3A2564C719EE9AC700B71F3F</key>
		<dict>
			<key>isa</key>
			<string>PBXFileReference</string>
			<key>lastKnownFileType</key>
			<string>file</string>
			<key>path</key>
			<string>MyriadPro-Regular.otf</string>
			<key>sourceTree</key>
			<string>&lt;group&gt;</string>
		</dict>
		<key>3A2564C819EE9AC700B71F3F</key>
		<dict>
			<key>isa</key>
			<string>PBXFileReference</string>
			<key>lastKnownFileType</key>
			<string>file</string>
			<key>path</key>
			<string>MyriadPro-Semibold.otf</string>
			<key>sourceTree</key>
			<string>&lt;group&gt;</string>
		</dict>
		<key>3A2564C919EE9AC700B71F3F</key>
		<dict>
			<key>isa</key>
			<string>PBXFileReference</string>
			<key>lastKnownFileType</key>
			<string>file</string>
			<key>path</key>
			<string>MyriadPro-SemiboldIt.otf</string>
			<key>sourceTree</key>
			<string>&lt;group&gt;</string>
		</dict>
		<key>3A2564DE19EE9AC700B71F3F</key>
		<dict>
			<key>fileRef</key>
			<string>3A2564C019EE9AC700B71F3F</string>
			<key>isa</key>
			<string>PBXBuildFile</string>
		</dict>
		<key>3A2564DF19EE9AC700B71F3F</key>
		<dict>
			<key>fileRef</key>
			<string>3A2564C119EE9AC700B71F3F</string>
			<key>isa</key>
			<string>PBXBuildFile</string>
		</dict>
		<key>3A2564E019EE9AC700B71F3F</key>
		<dict>
			<key>fileRef</key>
			<string>3A2564C219EE9AC700B71F3F</string>
			<key>isa</key>
			<string>PBXBuildFile</string>
		</dict>
		<key>3A2564E119EE9AC700B71F3F</key>
		<dict>
			<key>fileRef</key>
			<string>3A2564C319EE9AC700B71F3F</string>
			<key>isa</key>
			<string>PBXBuildFile</string>
		</dict>
		<key>3A2564E219EE9AC700B71F3F</key>
		<dict>
			<key>fileRef</key>
			<string>3A2564C419EE9AC700B71F3F</string>
			<key>isa</key>
			<string>PBXBuildFile</string>
		</dict>
		<key>3A2564E319EE9AC700B71F3F</key>
		<dict>
			<key>fileRef</key>
			<string>3A2564C519EE9AC700B71F3F</string>
			<key>isa</key>
			<string>PBXBuildFile</string>
		</dict>
		<key>3A2564E419EE9AC700B71F3F</key>
		<dict>
			<key>fileRef</key>
			<string>3A2564C619EE9AC700B71F3F</string>
			<key>isa</key>
			<string>PBXBuildFile</string>
		</dict>
		<key>3A2564E519EE9AC700B71F3F</key>
		<dict>
			<key>fileRef</key>
			<string>3A2564C719EE9AC700B71F3F</string>
			<key>isa</key>
			<string>PBXBuildFile</string>
		</dict>
		<key>3A2564E619EE9AC700B71F3F</key>
		<dict>
			<key>fileRef</key>
			<string>3A2564C819EE9AC700B71F3F</string>
			<key>isa</key>
			<string>PBXBuildFile</string>
		</dict>
		<key>3A2564E719EE9AC700B71F3F</key>
		<dict>
			<key>fileRef</key>
			<string>3A2564C919EE9AC700B71F3F</string>
			<key>isa</key>
			<string>PBXBuildFile</string>
		</dict>
		<key>3A33FCA61A6E852300D681C3</key>
		<dict>
			<key>children</key>
			<array>
				<string>3AC9C2651A7B978500062666</string>
				<string>3A33FCB51A6ECCC000D681C3</string>
				<string>3A33FCB11A6E885400D681C3</string>
				<string>3A33FCB21A6E885400D681C3</string>
				<string>3A33FCA71A6E852300D681C3</string>
				<string>3A33FCA81A6E852300D681C3</string>
				<string>3A33FCA91A6E852300D681C3</string>
				<string>3A33FCAA1A6E852300D681C3</string>
				<string>3A33FCAB1A6E852300D681C3</string>
			</array>
			<key>isa</key>
			<string>PBXGroup</string>
			<key>path</key>
			<string>record</string>
			<key>sourceTree</key>
			<string>&lt;group&gt;</string>
		</dict>
		<key>3A33FCA71A6E852300D681C3</key>
		<dict>
			<key>isa</key>
			<string>PBXFileReference</string>
			<key>lastKnownFileType</key>
			<string>image.png</string>
			<key>path</key>
			<string>bg.png</string>
			<key>sourceTree</key>
			<string>&lt;group&gt;</string>
		</dict>
		<key>3A33FCA81A6E852300D681C3</key>
		<dict>
			<key>isa</key>
			<string>PBXFileReference</string>
			<key>lastKnownFileType</key>
			<string>image.png</string>
			<key>path</key>
			<string>bg_bar_big.png</string>
			<key>sourceTree</key>
			<string>&lt;group&gt;</string>
		</dict>
		<key>3A33FCA91A6E852300D681C3</key>
		<dict>
			<key>isa</key>
			<string>PBXFileReference</string>
			<key>lastKnownFileType</key>
			<string>image.png</string>
			<key>path</key>
			<string>bg_bar_small.png</string>
			<key>sourceTree</key>
			<string>&lt;group&gt;</string>
		</dict>
		<key>3A33FCAA1A6E852300D681C3</key>
		<dict>
			<key>isa</key>
			<string>PBXFileReference</string>
			<key>lastKnownFileType</key>
			<string>image.png</string>
			<key>path</key>
			<string>icn_sad.png</string>
			<key>sourceTree</key>
			<string>&lt;group&gt;</string>
		</dict>
		<key>3A33FCAB1A6E852300D681C3</key>
		<dict>
			<key>isa</key>
			<string>PBXFileReference</string>
			<key>lastKnownFileType</key>
			<string>image.png</string>
			<key>path</key>
			<string>ico_check.png</string>
			<key>sourceTree</key>
			<string>&lt;group&gt;</string>
		</dict>
		<key>3A33FCAC1A6E852300D681C3</key>
		<dict>
			<key>fileRef</key>
			<string>3A33FCA71A6E852300D681C3</string>
			<key>isa</key>
			<string>PBXBuildFile</string>
		</dict>
		<key>3A33FCAD1A6E852300D681C3</key>
		<dict>
			<key>fileRef</key>
			<string>3A33FCA81A6E852300D681C3</string>
			<key>isa</key>
			<string>PBXBuildFile</string>
		</dict>
		<key>3A33FCAE1A6E852300D681C3</key>
		<dict>
			<key>fileRef</key>
			<string>3A33FCA91A6E852300D681C3</string>
			<key>isa</key>
			<string>PBXBuildFile</string>
		</dict>
		<key>3A33FCAF1A6E852300D681C3</key>
		<dict>
			<key>fileRef</key>
			<string>3A33FCAA1A6E852300D681C3</string>
			<key>isa</key>
			<string>PBXBuildFile</string>
		</dict>
		<key>3A33FCB01A6E852300D681C3</key>
		<dict>
			<key>fileRef</key>
			<string>3A33FCAB1A6E852300D681C3</string>
			<key>isa</key>
			<string>PBXBuildFile</string>
		</dict>
		<key>3A33FCB11A6E885400D681C3</key>
		<dict>
			<key>isa</key>
			<string>PBXFileReference</string>
			<key>lastKnownFileType</key>
			<string>image.png</string>
			<key>path</key>
			<string>btn_no.png</string>
			<key>sourceTree</key>
			<string>&lt;group&gt;</string>
		</dict>
		<key>3A33FCB21A6E885400D681C3</key>
		<dict>
			<key>isa</key>
			<string>PBXFileReference</string>
			<key>lastKnownFileType</key>
			<string>image.png</string>
			<key>path</key>
			<string>btn_yes.png</string>
			<key>sourceTree</key>
			<string>&lt;group&gt;</string>
		</dict>
		<key>3A33FCB31A6E885400D681C3</key>
		<dict>
			<key>fileRef</key>
			<string>3A33FCB11A6E885400D681C3</string>
			<key>isa</key>
			<string>PBXBuildFile</string>
		</dict>
		<key>3A33FCB41A6E885400D681C3</key>
		<dict>
			<key>fileRef</key>
			<string>3A33FCB21A6E885400D681C3</string>
			<key>isa</key>
			<string>PBXBuildFile</string>
		</dict>
		<key>3A33FCB51A6ECCC000D681C3</key>
		<dict>
			<key>isa</key>
			<string>PBXFileReference</string>
			<key>lastKnownFileType</key>
			<string>image.png</string>
			<key>path</key>
			<string>bg_white.png</string>
			<key>sourceTree</key>
			<string>&lt;group&gt;</string>
		</dict>
		<key>3A33FCB61A6ECCC000D681C3</key>
		<dict>
			<key>fileRef</key>
			<string>3A33FCB51A6ECCC000D681C3</string>
			<key>isa</key>
			<string>PBXBuildFile</string>
		</dict>
		<key>3A3E577119EA00F500A82565</key>
		<dict>
			<key>children</key>
			<array>
				<string>3A5636A119EC2CA500D6C1C1</string>
				<string>3A5635E619EAC49200D6C1C1</string>
				<string>3A5635E419EAC48600D6C1C1</string>
				<string>3A3E579119EA011800A82565</string>
				<string>3A3E577C19EA00F500A82565</string>
				<string>3A3E578619EA00F500A82565</string>
				<string>3A3E582B19EA109E00A82565</string>
				<string>3A3E577B19EA00F500A82565</string>
				<string>65C5E5121F7D7EBB49D0B9B8</string>
				<string>92212DD1F47978E764607E24</string>
			</array>
			<key>isa</key>
			<string>PBXGroup</string>
			<key>sourceTree</key>
			<string>&lt;group&gt;</string>
		</dict>
		<key>3A3E577219EA00F500A82565</key>
		<dict>
			<key>attributes</key>
			<dict>
				<key>LastUpgradeCheck</key>
				<string>0600</string>
				<key>ORGANIZATIONNAME</key>
				<string>Screenz</string>
				<key>TargetAttributes</key>
				<dict>
					<key>3A3E577919EA00F500A82565</key>
					<dict>
						<key>CreatedOnToolsVersion</key>
						<string>6.0.1</string>
					</dict>
					<key>3A3E578419EA00F500A82565</key>
					<dict>
						<key>CreatedOnToolsVersion</key>
						<string>6.0.1</string>
					</dict>
					<key>3A3E57DC19EA0D3F00A82565</key>
					<dict>
						<key>CreatedOnToolsVersion</key>
						<string>6.0.1</string>
					</dict>
					<key>3A3E582919EA109E00A82565</key>
					<dict>
						<key>CreatedOnToolsVersion</key>
						<string>6.0.1</string>
					</dict>
				</dict>
			</dict>
			<key>buildConfigurationList</key>
			<string>3A3E577519EA00F500A82565</string>
			<key>compatibilityVersion</key>
			<string>Xcode 3.2</string>
			<key>developmentRegion</key>
			<string>English</string>
			<key>hasScannedForEncodings</key>
			<string>0</string>
			<key>isa</key>
			<string>PBXProject</string>
			<key>knownRegions</key>
			<array>
				<string>en</string>
			</array>
			<key>mainGroup</key>
			<string>3A3E577119EA00F500A82565</string>
			<key>productRefGroup</key>
			<string>3A3E577B19EA00F500A82565</string>
			<key>projectDirPath</key>
			<string></string>
			<key>projectReferences</key>
			<array/>
			<key>projectRoot</key>
			<string></string>
			<key>targets</key>
			<array>
				<string>3A3E577919EA00F500A82565</string>
				<string>3A3E578419EA00F500A82565</string>
				<string>3A3E57DC19EA0D3F00A82565</string>
				<string>3A3E582919EA109E00A82565</string>
			</array>
		</dict>
		<key>3A3E577519EA00F500A82565</key>
		<dict>
			<key>buildConfigurations</key>
			<array>
				<string>3A3E578919EA00F500A82565</string>
				<string>3A3E578A19EA00F500A82565</string>
			</array>
			<key>defaultConfigurationIsVisible</key>
			<string>0</string>
			<key>defaultConfigurationName</key>
			<string>Release</string>
			<key>isa</key>
			<string>XCConfigurationList</string>
		</dict>
		<key>3A3E577619EA00F500A82565</key>
		<dict>
			<key>buildActionMask</key>
			<string>2147483647</string>
			<key>files</key>
			<array>
				<string>3A5635C619EAAADA00D6C1C1</string>
				<string>3A5635BB19EAAADA00D6C1C1</string>
				<string>3A896C5F1A6FF1D5007BF9E2</string>
				<string>3A5635C219EAAADA00D6C1C1</string>
				<string>3A5635CC19EAAADA00D6C1C1</string>
				<string>3A5635E119EAB99200D6C1C1</string>
				<string>3A896C6B1A6FF2E1007BF9E2</string>
				<string>3A56363D19EB203800D6C1C1</string>
				<string>3A5635C819EAAADA00D6C1C1</string>
				<string>3A56359B19EAA98600D6C1C1</string>
				<string>3A5635CA19EAAADA00D6C1C1</string>
				<string>3A56359D19EAA98600D6C1C1</string>
				<string>3A3E579819EA014400A82565</string>
				<string>3A896C561A6FEF85007BF9E2</string>
				<string>3A896C5A1A6FEFD6007BF9E2</string>
				<string>3A5635BD19EAAADA00D6C1C1</string>
				<string>3A5635C419EAAADA00D6C1C1</string>
				<string>3A896C631A6FF271007BF9E2</string>
				<string>3A5635A419EAAA5B00D6C1C1</string>
				<string>3A896C6F1A6FF30B007BF9E2</string>
				<string>3A3E57D819EA084A00A82565</string>
				<string>3A5635BF19EAAADA00D6C1C1</string>
				<string>3A5635DF19EAB99200D6C1C1</string>
				<string>3A896C671A6FF2B2007BF9E2</string>
			</array>
			<key>isa</key>
			<string>PBXSourcesBuildPhase</string>
			<key>runOnlyForDeploymentPostprocessing</key>
			<string>0</string>
		</dict>
		<key>3A3E577719EA00F500A82565</key>
		<dict>
			<key>buildActionMask</key>
			<string>2147483647</string>
			<key>files</key>
			<array>
				<string>3A5636A219EC2CA500D6C1C1</string>
				<string>3A5635E519EAC48600D6C1C1</string>
				<string>3A3E579219EA011800A82565</string>
				<string>E2CCA19ED36EF9BEABA5BE6D</string>
			</array>
			<key>isa</key>
			<string>PBXFrameworksBuildPhase</string>
			<key>runOnlyForDeploymentPostprocessing</key>
			<string>0</string>
		</dict>
		<key>3A3E577819EA00F500A82565</key>
		<dict>
			<key>buildActionMask</key>
			<string>2147483647</string>
			<key>dstPath</key>
			<string>include/$(PRODUCT_NAME)</string>
			<key>dstSubfolderSpec</key>
			<string>16</string>
			<key>files</key>
			<array>
				<string>3A3E577E19EA00F500A82565</string>
				<string>3A56363019EAE3CC00D6C1C1</string>
			</array>
			<key>isa</key>
			<string>PBXCopyFilesBuildPhase</string>
			<key>runOnlyForDeploymentPostprocessing</key>
			<string>0</string>
		</dict>
		<key>3A3E577919EA00F500A82565</key>
		<dict>
			<key>buildConfigurationList</key>
			<string>3A3E578B19EA00F500A82565</string>
			<key>buildPhases</key>
			<array>
				<string>AA999E4ABAA4A658F7B85C5F</string>
				<string>3A3E577619EA00F500A82565</string>
				<string>3A3E577719EA00F500A82565</string>
				<string>3A3E577819EA00F500A82565</string>
				<string>3A3E579319EA012100A82565</string>
				<string>3A3E57DB19EA0C6C00A82565</string>
				<string>8F1DBB96E6C5CC21814009EE</string>
			</array>
			<key>buildRules</key>
			<array/>
			<key>dependencies</key>
			<array/>
			<key>isa</key>
			<string>PBXNativeTarget</string>
			<key>name</key>
			<string>TFLib</string>
			<key>productName</key>
			<string>TFLib</string>
			<key>productReference</key>
			<string>3A3E577A19EA00F500A82565</string>
			<key>productType</key>
			<string>com.apple.product-type.library.static</string>
		</dict>
		<key>3A3E577A19EA00F500A82565</key>
		<dict>
			<key>explicitFileType</key>
			<string>archive.ar</string>
			<key>includeInIndex</key>
			<string>0</string>
			<key>isa</key>
			<string>PBXFileReference</string>
			<key>path</key>
			<string>libTFLib.a</string>
			<key>sourceTree</key>
			<string>BUILT_PRODUCTS_DIR</string>
		</dict>
		<key>3A3E577B19EA00F500A82565</key>
		<dict>
			<key>children</key>
			<array>
				<string>3A3E577A19EA00F500A82565</string>
				<string>3A3E578519EA00F500A82565</string>
				<string>3A3E582A19EA109E00A82565</string>
			</array>
			<key>isa</key>
			<string>PBXGroup</string>
			<key>name</key>
			<string>Products</string>
			<key>sourceTree</key>
			<string>&lt;group&gt;</string>
		</dict>
		<key>3A3E577C19EA00F500A82565</key>
		<dict>
			<key>children</key>
			<array>
				<string>3A896C5B1A6FF17D007BF9E2</string>
				<string>3A56359519EAA98500D6C1C1</string>
				<string>3A5635A519EAAADA00D6C1C1</string>
				<string>3A3E57D519EA084A00A82565</string>
				<string>3A3E57D619EA084A00A82565</string>
				<string>3A3E577D19EA00F500A82565</string>
				<string>3A3E579519EA014400A82565</string>
				<string>3A3E579619EA014400A82565</string>
			</array>
			<key>isa</key>
			<string>PBXGroup</string>
			<key>path</key>
			<string>TFLib</string>
			<key>sourceTree</key>
			<string>&lt;group&gt;</string>
		</dict>
		<key>3A3E577D19EA00F500A82565</key>
		<dict>
			<key>isa</key>
			<string>PBXFileReference</string>
			<key>lastKnownFileType</key>
			<string>sourcecode.c.h</string>
			<key>path</key>
			<string>TFLib.h</string>
			<key>sourceTree</key>
			<string>&lt;group&gt;</string>
		</dict>
		<key>3A3E577E19EA00F500A82565</key>
		<dict>
			<key>fileRef</key>
			<string>3A3E577D19EA00F500A82565</string>
			<key>isa</key>
			<string>PBXBuildFile</string>
		</dict>
		<key>3A3E578119EA00F500A82565</key>
		<dict>
			<key>buildActionMask</key>
			<string>2147483647</string>
			<key>files</key>
			<array/>
			<key>isa</key>
			<string>PBXSourcesBuildPhase</string>
			<key>runOnlyForDeploymentPostprocessing</key>
			<string>0</string>
		</dict>
		<key>3A3E578219EA00F500A82565</key>
		<dict>
			<key>buildActionMask</key>
			<string>2147483647</string>
			<key>files</key>
			<array/>
			<key>isa</key>
			<string>PBXFrameworksBuildPhase</string>
			<key>runOnlyForDeploymentPostprocessing</key>
			<string>0</string>
		</dict>
		<key>3A3E578319EA00F500A82565</key>
		<dict>
			<key>buildActionMask</key>
			<string>2147483647</string>
			<key>files</key>
			<array/>
			<key>isa</key>
			<string>PBXResourcesBuildPhase</string>
			<key>runOnlyForDeploymentPostprocessing</key>
			<string>0</string>
		</dict>
		<key>3A3E578419EA00F500A82565</key>
		<dict>
			<key>buildConfigurationList</key>
			<string>3A3E578E19EA00F500A82565</string>
			<key>buildPhases</key>
			<array>
				<string>3A3E578119EA00F500A82565</string>
				<string>3A3E578219EA00F500A82565</string>
				<string>3A3E578319EA00F500A82565</string>
			</array>
			<key>buildRules</key>
			<array/>
			<key>dependencies</key>
			<array/>
			<key>isa</key>
			<string>PBXNativeTarget</string>
			<key>name</key>
			<string>TFLibTests</string>
			<key>productName</key>
			<string>TFLibTests</string>
			<key>productReference</key>
			<string>3A3E578519EA00F500A82565</string>
			<key>productType</key>
			<string>com.apple.product-type.bundle.unit-test</string>
		</dict>
		<key>3A3E578519EA00F500A82565</key>
		<dict>
			<key>explicitFileType</key>
			<string>wrapper.cfbundle</string>
			<key>includeInIndex</key>
			<string>0</string>
			<key>isa</key>
			<string>PBXFileReference</string>
			<key>path</key>
			<string>TFLibTests.xctest</string>
			<key>sourceTree</key>
			<string>BUILT_PRODUCTS_DIR</string>
		</dict>
		<key>3A3E578619EA00F500A82565</key>
		<dict>
			<key>children</key>
			<array>
				<string>3A3E578719EA00F500A82565</string>
			</array>
			<key>isa</key>
			<string>PBXGroup</string>
			<key>path</key>
			<string>TFLibTests</string>
			<key>sourceTree</key>
			<string>&lt;group&gt;</string>
		</dict>
		<key>3A3E578719EA00F500A82565</key>
		<dict>
			<key>children</key>
			<array>
				<string>3A3E578819EA00F500A82565</string>
			</array>
			<key>isa</key>
			<string>PBXGroup</string>
			<key>name</key>
			<string>Supporting Files</string>
			<key>sourceTree</key>
			<string>&lt;group&gt;</string>
		</dict>
		<key>3A3E578819EA00F500A82565</key>
		<dict>
			<key>isa</key>
			<string>PBXFileReference</string>
			<key>lastKnownFileType</key>
			<string>text.plist.xml</string>
			<key>path</key>
			<string>Info.plist</string>
			<key>sourceTree</key>
			<string>&lt;group&gt;</string>
		</dict>
		<key>3A3E578919EA00F500A82565</key>
		<dict>
			<key>buildSettings</key>
			<dict>
				<key>ALWAYS_SEARCH_USER_PATHS</key>
				<string>NO</string>
				<key>CLANG_CXX_LANGUAGE_STANDARD</key>
				<string>gnu++0x</string>
				<key>CLANG_CXX_LIBRARY</key>
				<string>libc++</string>
				<key>CLANG_ENABLE_MODULES</key>
				<string>YES</string>
				<key>CLANG_ENABLE_OBJC_ARC</key>
				<string>YES</string>
				<key>CLANG_WARN_BOOL_CONVERSION</key>
				<string>YES</string>
				<key>CLANG_WARN_CONSTANT_CONVERSION</key>
				<string>YES</string>
				<key>CLANG_WARN_DIRECT_OBJC_ISA_USAGE</key>
				<string>YES_ERROR</string>
				<key>CLANG_WARN_EMPTY_BODY</key>
				<string>YES</string>
				<key>CLANG_WARN_ENUM_CONVERSION</key>
				<string>YES</string>
				<key>CLANG_WARN_INT_CONVERSION</key>
				<string>YES</string>
				<key>CLANG_WARN_OBJC_ROOT_CLASS</key>
				<string>YES_ERROR</string>
				<key>CLANG_WARN_UNREACHABLE_CODE</key>
				<string>YES</string>
				<key>CLANG_WARN__DUPLICATE_METHOD_MATCH</key>
				<string>YES</string>
				<key>COPY_PHASE_STRIP</key>
				<string>NO</string>
				<key>ENABLE_STRICT_OBJC_MSGSEND</key>
				<string>YES</string>
				<key>GCC_C_LANGUAGE_STANDARD</key>
				<string>gnu99</string>
				<key>GCC_DYNAMIC_NO_PIC</key>
				<string>NO</string>
				<key>GCC_OPTIMIZATION_LEVEL</key>
				<string>0</string>
				<key>GCC_PREPROCESSOR_DEFINITIONS</key>
				<array>
					<string>DEBUG=1</string>
					<string>$(inherited)</string>
				</array>
				<key>GCC_SYMBOLS_PRIVATE_EXTERN</key>
				<string>NO</string>
				<key>GCC_WARN_64_TO_32_BIT_CONVERSION</key>
				<string>YES</string>
				<key>GCC_WARN_ABOUT_RETURN_TYPE</key>
				<string>YES_ERROR</string>
				<key>GCC_WARN_UNDECLARED_SELECTOR</key>
				<string>YES</string>
				<key>GCC_WARN_UNINITIALIZED_AUTOS</key>
				<string>YES_AGGRESSIVE</string>
				<key>GCC_WARN_UNUSED_FUNCTION</key>
				<string>YES</string>
				<key>GCC_WARN_UNUSED_VARIABLE</key>
				<string>YES</string>
				<key>IPHONEOS_DEPLOYMENT_TARGET</key>
				<string>8.0</string>
				<key>MTL_ENABLE_DEBUG_INFO</key>
				<string>YES</string>
				<key>ONLY_ACTIVE_ARCH</key>
				<string>YES</string>
				<key>SDKROOT</key>
				<string>iphoneos</string>
			</dict>
			<key>isa</key>
			<string>XCBuildConfiguration</string>
			<key>name</key>
			<string>Debug</string>
		</dict>
		<key>3A3E578A19EA00F500A82565</key>
		<dict>
			<key>buildSettings</key>
			<dict>
				<key>ALWAYS_SEARCH_USER_PATHS</key>
				<string>NO</string>
				<key>CLANG_CXX_LANGUAGE_STANDARD</key>
				<string>gnu++0x</string>
				<key>CLANG_CXX_LIBRARY</key>
				<string>libc++</string>
				<key>CLANG_ENABLE_MODULES</key>
				<string>YES</string>
				<key>CLANG_ENABLE_OBJC_ARC</key>
				<string>YES</string>
				<key>CLANG_WARN_BOOL_CONVERSION</key>
				<string>YES</string>
				<key>CLANG_WARN_CONSTANT_CONVERSION</key>
				<string>YES</string>
				<key>CLANG_WARN_DIRECT_OBJC_ISA_USAGE</key>
				<string>YES_ERROR</string>
				<key>CLANG_WARN_EMPTY_BODY</key>
				<string>YES</string>
				<key>CLANG_WARN_ENUM_CONVERSION</key>
				<string>YES</string>
				<key>CLANG_WARN_INT_CONVERSION</key>
				<string>YES</string>
				<key>CLANG_WARN_OBJC_ROOT_CLASS</key>
				<string>YES_ERROR</string>
				<key>CLANG_WARN_UNREACHABLE_CODE</key>
				<string>YES</string>
				<key>CLANG_WARN__DUPLICATE_METHOD_MATCH</key>
				<string>YES</string>
				<key>COPY_PHASE_STRIP</key>
				<string>YES</string>
				<key>ENABLE_NS_ASSERTIONS</key>
				<string>NO</string>
				<key>ENABLE_STRICT_OBJC_MSGSEND</key>
				<string>YES</string>
				<key>GCC_C_LANGUAGE_STANDARD</key>
				<string>gnu99</string>
				<key>GCC_WARN_64_TO_32_BIT_CONVERSION</key>
				<string>YES</string>
				<key>GCC_WARN_ABOUT_RETURN_TYPE</key>
				<string>YES_ERROR</string>
				<key>GCC_WARN_UNDECLARED_SELECTOR</key>
				<string>YES</string>
				<key>GCC_WARN_UNINITIALIZED_AUTOS</key>
				<string>YES_AGGRESSIVE</string>
				<key>GCC_WARN_UNUSED_FUNCTION</key>
				<string>YES</string>
				<key>GCC_WARN_UNUSED_VARIABLE</key>
				<string>YES</string>
				<key>IPHONEOS_DEPLOYMENT_TARGET</key>
				<string>8.0</string>
				<key>MTL_ENABLE_DEBUG_INFO</key>
				<string>NO</string>
				<key>SDKROOT</key>
				<string>iphoneos</string>
				<key>VALIDATE_PRODUCT</key>
				<string>YES</string>
			</dict>
			<key>isa</key>
			<string>XCBuildConfiguration</string>
			<key>name</key>
			<string>Release</string>
		</dict>
		<key>3A3E578B19EA00F500A82565</key>
		<dict>
			<key>buildConfigurations</key>
			<array>
				<string>3A3E578C19EA00F500A82565</string>
				<string>3A3E578D19EA00F500A82565</string>
			</array>
			<key>defaultConfigurationIsVisible</key>
			<string>0</string>
			<key>defaultConfigurationName</key>
			<string>Release</string>
			<key>isa</key>
			<string>XCConfigurationList</string>
		</dict>
		<key>3A3E578C19EA00F500A82565</key>
		<dict>
			<key>baseConfigurationReference</key>
			<string>119B6A29B8C65070C2511A5A</string>
			<key>buildSettings</key>
			<dict>
				<key>DEAD_CODE_STRIPPING</key>
				<string>NO</string>
				<key>OTHER_LDFLAGS</key>
				<string>-ObjC</string>
				<key>PRODUCT_NAME</key>
				<string>$(TARGET_NAME)</string>
				<key>PUBLIC_HEADERS_FOLDER_PATH</key>
				<string>include/$(PROJECT_NAME)</string>
				<key>SKIP_INSTALL</key>
				<string>YES</string>
				<key>STRIP_STYLE</key>
				<string>non-global</string>
			</dict>
			<key>isa</key>
			<string>XCBuildConfiguration</string>
			<key>name</key>
			<string>Debug</string>
		</dict>
		<key>3A3E578D19EA00F500A82565</key>
		<dict>
			<key>baseConfigurationReference</key>
			<string>7720AB70260E3E76AF22F4F3</string>
			<key>buildSettings</key>
			<dict>
				<key>COPY_PHASE_STRIP</key>
				<string>NO</string>
				<key>DEAD_CODE_STRIPPING</key>
				<string>NO</string>
				<key>OTHER_LDFLAGS</key>
				<string>-ObjC</string>
				<key>PRODUCT_NAME</key>
				<string>$(TARGET_NAME)</string>
				<key>PUBLIC_HEADERS_FOLDER_PATH</key>
				<string>include/$(PROJECT_NAME)</string>
				<key>SKIP_INSTALL</key>
				<string>YES</string>
				<key>STRIP_STYLE</key>
				<string>non-global</string>
			</dict>
			<key>isa</key>
			<string>XCBuildConfiguration</string>
			<key>name</key>
			<string>Release</string>
		</dict>
		<key>3A3E578E19EA00F500A82565</key>
		<dict>
			<key>buildConfigurations</key>
			<array>
				<string>3A3E578F19EA00F500A82565</string>
				<string>3A3E579019EA00F500A82565</string>
			</array>
			<key>defaultConfigurationIsVisible</key>
			<string>0</string>
			<key>defaultConfigurationName</key>
			<string>Release</string>
			<key>isa</key>
			<string>XCConfigurationList</string>
		</dict>
		<key>3A3E578F19EA00F500A82565</key>
		<dict>
			<key>buildSettings</key>
			<dict>
				<key>FRAMEWORK_SEARCH_PATHS</key>
				<array>
					<string>$(SDKROOT)/Developer/Library/Frameworks</string>
					<string>$(inherited)</string>
				</array>
				<key>GCC_PREPROCESSOR_DEFINITIONS</key>
				<array>
					<string>DEBUG=1</string>
					<string>$(inherited)</string>
				</array>
				<key>INFOPLIST_FILE</key>
				<string>TFLibTests/Info.plist</string>
				<key>LD_RUNPATH_SEARCH_PATHS</key>
				<string>$(inherited) @executable_path/Frameworks @loader_path/Frameworks</string>
				<key>PRODUCT_NAME</key>
				<string>$(TARGET_NAME)</string>
			</dict>
			<key>isa</key>
			<string>XCBuildConfiguration</string>
			<key>name</key>
			<string>Debug</string>
		</dict>
		<key>3A3E579019EA00F500A82565</key>
		<dict>
			<key>buildSettings</key>
			<dict>
				<key>FRAMEWORK_SEARCH_PATHS</key>
				<array>
					<string>$(SDKROOT)/Developer/Library/Frameworks</string>
					<string>$(inherited)</string>
				</array>
				<key>INFOPLIST_FILE</key>
				<string>TFLibTests/Info.plist</string>
				<key>LD_RUNPATH_SEARCH_PATHS</key>
				<string>$(inherited) @executable_path/Frameworks @loader_path/Frameworks</string>
				<key>PRODUCT_NAME</key>
				<string>$(TARGET_NAME)</string>
			</dict>
			<key>isa</key>
			<string>XCBuildConfiguration</string>
			<key>name</key>
			<string>Release</string>
		</dict>
		<key>3A3E579119EA011800A82565</key>
		<dict>
			<key>isa</key>
			<string>PBXFileReference</string>
			<key>lastKnownFileType</key>
			<string>wrapper.framework</string>
			<key>name</key>
			<string>UIKit.framework</string>
			<key>path</key>
			<string>System/Library/Frameworks/UIKit.framework</string>
			<key>sourceTree</key>
			<string>SDKROOT</string>
		</dict>
		<key>3A3E579219EA011800A82565</key>
		<dict>
			<key>fileRef</key>
			<string>3A3E579119EA011800A82565</string>
			<key>isa</key>
			<string>PBXBuildFile</string>
		</dict>
		<key>3A3E579319EA012100A82565</key>
		<dict>
			<key>buildActionMask</key>
			<string>2147483647</string>
			<key>files</key>
			<array>
				<string>3A896C591A6FEFD6007BF9E2</string>
				<string>3A3E579419EA012500A82565</string>
				<string>3A56359A19EAA98600D6C1C1</string>
				<string>3A5635BE19EAAADA00D6C1C1</string>
				<string>3A5635C519EAAADA00D6C1C1</string>
				<string>3A5635DE19EAB99200D6C1C1</string>
				<string>3A896C661A6FF2B2007BF9E2</string>
				<string>3A5635C019EAAADA00D6C1C1</string>
				<string>3A56363C19EB203800D6C1C1</string>
				<string>3A5635CB19EAAADA00D6C1C1</string>
				<string>3A896C6E1A6FF30B007BF9E2</string>
				<string>3A5635BC19EAAADA00D6C1C1</string>
				<string>3A5635A219EAAA5B00D6C1C1</string>
				<string>3A56359C19EAA98600D6C1C1</string>
				<string>3A5635A319EAAA5B00D6C1C1</string>
				<string>3A896C551A6FEF85007BF9E2</string>
				<string>3A5635C919EAAADA00D6C1C1</string>
				<string>3A3E57D719EA084A00A82565</string>
				<string>3A5635C319EAAADA00D6C1C1</string>
				<string>3A896C5E1A6FF1D5007BF9E2</string>
				<string>3A5635E319EAB9B700D6C1C1</string>
				<string>3A5635C119EAAADA00D6C1C1</string>
				<string>3A5635C719EAAADA00D6C1C1</string>
				<string>3A896C6A1A6FF2E1007BF9E2</string>
				<string>3A896C621A6FF271007BF9E2</string>
				<string>3A5635E019EAB99200D6C1C1</string>
				<string>3A3E579719EA014400A82565</string>
				<string>3A5635BA19EAAADA00D6C1C1</string>
			</array>
			<key>isa</key>
			<string>PBXHeadersBuildPhase</string>
			<key>runOnlyForDeploymentPostprocessing</key>
			<string>0</string>
		</dict>
		<key>3A3E579419EA012500A82565</key>
		<dict>
			<key>fileRef</key>
			<string>3A3E577D19EA00F500A82565</string>
			<key>isa</key>
			<string>PBXBuildFile</string>
			<key>settings</key>
			<dict>
				<key>ATTRIBUTES</key>
				<array>
					<string>Public</string>
				</array>
			</dict>
		</dict>
		<key>3A3E579519EA014400A82565</key>
		<dict>
			<key>fileEncoding</key>
			<string>4</string>
			<key>isa</key>
			<string>PBXFileReference</string>
			<key>lastKnownFileType</key>
			<string>sourcecode.c.h</string>
			<key>path</key>
			<string>TFView.h</string>
			<key>sourceTree</key>
			<string>&lt;group&gt;</string>
		</dict>
		<key>3A3E579619EA014400A82565</key>
		<dict>
			<key>fileEncoding</key>
			<string>4</string>
			<key>isa</key>
			<string>PBXFileReference</string>
			<key>lastKnownFileType</key>
			<string>sourcecode.c.objc</string>
			<key>path</key>
			<string>TFView.m</string>
			<key>sourceTree</key>
			<string>&lt;group&gt;</string>
		</dict>
		<key>3A3E579719EA014400A82565</key>
		<dict>
			<key>fileRef</key>
			<string>3A3E579519EA014400A82565</string>
			<key>isa</key>
			<string>PBXBuildFile</string>
			<key>settings</key>
			<dict>
				<key>ATTRIBUTES</key>
				<array>
					<string>Public</string>
				</array>
			</dict>
		</dict>
		<key>3A3E579819EA014400A82565</key>
		<dict>
			<key>fileRef</key>
			<string>3A3E579619EA014400A82565</string>
			<key>isa</key>
			<string>PBXBuildFile</string>
		</dict>
		<key>3A3E57D519EA084A00A82565</key>
		<dict>
			<key>fileEncoding</key>
			<string>4</string>
			<key>isa</key>
			<string>PBXFileReference</string>
			<key>lastKnownFileType</key>
			<string>sourcecode.c.h</string>
			<key>path</key>
			<string>TFController.h</string>
			<key>sourceTree</key>
			<string>&lt;group&gt;</string>
		</dict>
		<key>3A3E57D619EA084A00A82565</key>
		<dict>
			<key>fileEncoding</key>
			<string>4</string>
			<key>isa</key>
			<string>PBXFileReference</string>
			<key>lastKnownFileType</key>
			<string>sourcecode.c.objc</string>
			<key>path</key>
			<string>TFController.m</string>
			<key>sourceTree</key>
			<string>&lt;group&gt;</string>
		</dict>
		<key>3A3E57D719EA084A00A82565</key>
		<dict>
			<key>fileRef</key>
			<string>3A3E57D519EA084A00A82565</string>
			<key>isa</key>
			<string>PBXBuildFile</string>
			<key>settings</key>
			<dict>
				<key>ATTRIBUTES</key>
				<array>
					<string>Public</string>
				</array>
			</dict>
		</dict>
		<key>3A3E57D819EA084A00A82565</key>
		<dict>
			<key>fileRef</key>
			<string>3A3E57D619EA084A00A82565</string>
			<key>isa</key>
			<string>PBXBuildFile</string>
		</dict>
		<key>3A3E57DB19EA0C6C00A82565</key>
		<dict>
			<key>buildActionMask</key>
			<string>2147483647</string>
			<key>files</key>
			<array/>
			<key>inputPaths</key>
			<array/>
			<key>isa</key>
			<string>PBXShellScriptBuildPhase</string>
			<key>name</key>
			<string>Build Framework</string>
			<key>outputPaths</key>
			<array/>
			<key>runOnlyForDeploymentPostprocessing</key>
			<string>0</string>
			<key>shellPath</key>
			<string>/bin/sh</string>
			<key>shellScript</key>
			<string>set -e

export FRAMEWORK_LOCN="${BUILT_PRODUCTS_DIR}/${PRODUCT_NAME}.framework"

# Create the path to the real Headers die
mkdir -p "${FRAMEWORK_LOCN}/Versions/A/Headers"

# Create the required symlinks
/bin/ln -sfh A "${FRAMEWORK_LOCN}/Versions/Current"
/bin/ln -sfh Versions/Current/Headers "${FRAMEWORK_LOCN}/Headers"
/bin/ln -sfh "Versions/Current/${PRODUCT_NAME}" \
"${FRAMEWORK_LOCN}/${PRODUCT_NAME}"

# Copy the public headers into the framework
/bin/cp -a "${TARGET_BUILD_DIR}/${PUBLIC_HEADERS_FOLDER_PATH}/" \
"${FRAMEWORK_LOCN}/Versions/A/Headers"</string>
		</dict>
		<key>3A3E57DC19EA0D3F00A82565</key>
		<dict>
			<key>buildConfigurationList</key>
			<string>3A3E57DD19EA0D3F00A82565</string>
			<key>buildPhases</key>
			<array>
				<string>3A3E57E219EA0D6500A82565</string>
			</array>
			<key>dependencies</key>
			<array>
				<string>3A3E583219EA111100A82565</string>
				<string>3A3E57E119EA0D5600A82565</string>
			</array>
			<key>isa</key>
			<string>PBXAggregateTarget</string>
			<key>name</key>
			<string>TFLibFramework</string>
			<key>productName</key>
			<string>TFLibFramework</string>
		</dict>
		<key>3A3E57DD19EA0D3F00A82565</key>
		<dict>
			<key>buildConfigurations</key>
			<array>
				<string>3A3E57DE19EA0D3F00A82565</string>
				<string>3A3E57DF19EA0D3F00A82565</string>
			</array>
			<key>defaultConfigurationIsVisible</key>
			<string>0</string>
			<key>defaultConfigurationName</key>
			<string>Release</string>
			<key>isa</key>
			<string>XCConfigurationList</string>
		</dict>
		<key>3A3E57DE19EA0D3F00A82565</key>
		<dict>
			<key>buildSettings</key>
			<dict>
				<key>PRODUCT_NAME</key>
				<string>$(TARGET_NAME)</string>
			</dict>
			<key>isa</key>
			<string>XCBuildConfiguration</string>
			<key>name</key>
			<string>Debug</string>
		</dict>
		<key>3A3E57DF19EA0D3F00A82565</key>
		<dict>
			<key>buildSettings</key>
			<dict>
				<key>PRODUCT_NAME</key>
				<string>$(TARGET_NAME)</string>
			</dict>
			<key>isa</key>
			<string>XCBuildConfiguration</string>
			<key>name</key>
			<string>Release</string>
		</dict>
		<key>3A3E57E019EA0D5600A82565</key>
		<dict>
			<key>containerPortal</key>
			<string>3A3E577219EA00F500A82565</string>
			<key>isa</key>
			<string>PBXContainerItemProxy</string>
			<key>proxyType</key>
			<string>1</string>
			<key>remoteGlobalIDString</key>
			<string>3A3E577919EA00F500A82565</string>
			<key>remoteInfo</key>
			<string>TFLib</string>
		</dict>
		<key>3A3E57E119EA0D5600A82565</key>
		<dict>
			<key>isa</key>
			<string>PBXTargetDependency</string>
			<key>target</key>
			<string>3A3E577919EA00F500A82565</string>
			<key>targetProxy</key>
			<string>3A3E57E019EA0D5600A82565</string>
		</dict>
		<key>3A3E57E219EA0D6500A82565</key>
		<dict>
			<key>buildActionMask</key>
			<string>2147483647</string>
			<key>files</key>
			<array/>
			<key>inputPaths</key>
			<array/>
			<key>isa</key>
			<string>PBXShellScriptBuildPhase</string>
			<key>name</key>
			<string>MultiPlatform Build</string>
			<key>outputPaths</key>
			<array/>
			<key>runOnlyForDeploymentPostprocessing</key>
			<string>0</string>
			<key>shellPath</key>
			<string>/bin/sh</string>
			<key>shellScript</key>
			<string>set -e

# If we're already inside this script then die
if [ -n "$RW_MULTIPLATFORM_BUILD_IN_PROGRESS" ]; then
exit 0
fi
export RW_MULTIPLATFORM_BUILD_IN_PROGRESS=1

RW_FRAMEWORK_NAME=${PROJECT_NAME}
RW_INPUT_STATIC_LIB="lib${PROJECT_NAME}.a"
RW_FRAMEWORK_LOCATION="${BUILT_PRODUCTS_DIR}/${RW_FRAMEWORK_NAME}.framework"

function build_static_library {
    # Will rebuild the static library as specified
    #     build_static_library sdk
    xcrun xcodebuild -project "${PROJECT_FILE_PATH}" \
    -target "${TARGET_NAME}" \
    -configuration "${CONFIGURATION}" \
    -sdk "${1}" \
    ONLY_ACTIVE_ARCH=NO \
    BUILD_DIR="${BUILD_DIR}" \
    OBJROOT="${OBJROOT}" \
    BUILD_ROOT="${BUILD_ROOT}" \
    SYMROOT="${SYMROOT}" $ACTION
}

function make_fat_library {
    # Will smash 2 static libs together
    #     make_fat_library in1 in2 out
    xcrun lipo -create "${1}" "${2}" -output "${3}"
}

# 1 - Extract the platform (iphoneos/iphonesimulator) from the SDK name
if [[ "$SDK_NAME" =~ ([A-Za-z]+) ]]; then
RW_SDK_PLATFORM=${BASH_REMATCH[1]}
else
echo "Could not find platform name from SDK_NAME: $SDK_NAME"
exit 1
fi

# 2 - Extract the version from the SDK
if [[ "$SDK_NAME" =~ ([0-9]+.*$) ]]; then
RW_SDK_VERSION=${BASH_REMATCH[1]}
else
echo "Could not find sdk version from SDK_NAME: $SDK_NAME"
exit 1
fi

# 3 - Determine the other platform
if [ "$RW_SDK_PLATFORM" == "iphoneos" ]; then
RW_OTHER_PLATFORM=iphonesimulator
else
RW_OTHER_PLATFORM=iphoneos
fi

# 4 - Find the build directory
if [[ "$BUILT_PRODUCTS_DIR" =~ (.*)$RW_SDK_PLATFORM$ ]]; then
RW_OTHER_BUILT_PRODUCTS_DIR="${BASH_REMATCH[1]}${RW_OTHER_PLATFORM}"
else
echo "Could not find other platform build directory."
exit 1
fi

# Build the other platform.
build_static_library "${RW_OTHER_PLATFORM}${RW_SDK_VERSION}"

# If we're currently building for iphonesimulator, then need to rebuild
#   to ensure that we get both i386 and x86_64
if [ "$RW_SDK_PLATFORM" == "iphonesimulator" ]; then
build_static_library "${SDK_NAME}"
fi

# Join the 2 static libs into 1 and push into the .framework
make_fat_library "${BUILT_PRODUCTS_DIR}/${RW_INPUT_STATIC_LIB}" \
"${RW_OTHER_BUILT_PRODUCTS_DIR}/${RW_INPUT_STATIC_LIB}" \
"${RW_FRAMEWORK_LOCATION}/Versions/A/${RW_FRAMEWORK_NAME}"

# Ensure that the framework is present in both platform's build directories
cp -a "${RW_FRAMEWORK_LOCATION}/Versions/A/${RW_FRAMEWORK_NAME}" \
"${RW_OTHER_BUILT_PRODUCTS_DIR}/${RW_FRAMEWORK_NAME}.framework/Versions/A/${RW_FRAMEWORK_NAME}"

# Copy the framework to the user's desktop
ditto "${RW_FRAMEWORK_LOCATION}" "${HOME}/Desktop/${RW_FRAMEWORK_NAME}.framework"

# Copy the resources bundle to the user's desktop
ditto "${BUILT_PRODUCTS_DIR}/${RW_FRAMEWORK_NAME}.bundle" \
"${HOME}/Desktop/${RW_FRAMEWORK_NAME}.bundle"</string>
		</dict>
		<key>3A3E582619EA109E00A82565</key>
		<dict>
			<key>buildActionMask</key>
			<string>2147483647</string>
			<key>files</key>
			<array/>
			<key>isa</key>
			<string>PBXSourcesBuildPhase</string>
			<key>runOnlyForDeploymentPostprocessing</key>
			<string>0</string>
		</dict>
		<key>3A3E582719EA109E00A82565</key>
		<dict>
			<key>buildActionMask</key>
			<string>2147483647</string>
			<key>files</key>
			<array/>
			<key>isa</key>
			<string>PBXFrameworksBuildPhase</string>
			<key>runOnlyForDeploymentPostprocessing</key>
			<string>0</string>
		</dict>
		<key>3A3E582819EA109E00A82565</key>
		<dict>
			<key>buildActionMask</key>
			<string>2147483647</string>
			<key>files</key>
			<array>
				<string>3A5635ED19EAD28A00D6C1C1</string>
				<string>3A2564DE19EE9AC700B71F3F</string>
				<string>3A2564E319EE9AC700B71F3F</string>
				<string>3A56369719EBA2C200D6C1C1</string>
				<string>3A33FCB41A6E885400D681C3</string>
				<string>3A33FCB01A6E852300D681C3</string>
				<string>3AC9C2661A7B978500062666</string>
				<string>3A33FCB61A6ECCC000D681C3</string>
				<string>3A2564E719EE9AC700B71F3F</string>
				<string>3A2564E019EE9AC700B71F3F</string>
				<string>3A56369A19EBA2C200D6C1C1</string>
				<string>3A56369F19EBA2C200D6C1C1</string>
				<string>3A2564E219EE9AC700B71F3F</string>
				<string>3A5636A019EBA2C200D6C1C1</string>
				<string>3A56369D19EBA2C200D6C1C1</string>
				<string>3A56369E19EBA2C200D6C1C1</string>
				<string>3A56369B19EBA2C200D6C1C1</string>
				<string>3A33FCAC1A6E852300D681C3</string>
				<string>3A56369819EBA2C200D6C1C1</string>
				<string>3A33FCAD1A6E852300D681C3</string>
				<string>3A2564E519EE9AC700B71F3F</string>
				<string>3A56369919EBA2C200D6C1C1</string>
				<string>3A33FCB31A6E885400D681C3</string>
				<string>3A56369C19EBA2C200D6C1C1</string>
				<string>3A56362B19EADA5C00D6C1C1</string>
				<string>3A2564E419EE9AC700B71F3F</string>
				<string>3A2564E119EE9AC700B71F3F</string>
				<string>3A33FCAF1A6E852300D681C3</string>
				<string>3A2564DF19EE9AC700B71F3F</string>
				<string>3A2564E619EE9AC700B71F3F</string>
				<string>3A33FCAE1A6E852300D681C3</string>
			</array>
			<key>isa</key>
			<string>PBXResourcesBuildPhase</string>
			<key>runOnlyForDeploymentPostprocessing</key>
			<string>0</string>
		</dict>
		<key>3A3E582919EA109E00A82565</key>
		<dict>
			<key>buildConfigurationList</key>
			<string>3A3E583019EA109E00A82565</string>
			<key>buildPhases</key>
			<array>
				<string>3A3E582619EA109E00A82565</string>
				<string>3A3E582719EA109E00A82565</string>
				<string>3A3E582819EA109E00A82565</string>
			</array>
			<key>buildRules</key>
			<array/>
			<key>dependencies</key>
			<array/>
			<key>isa</key>
			<string>PBXNativeTarget</string>
			<key>name</key>
			<string>TFLibResources</string>
			<key>productName</key>
			<string>TFLibResources</string>
			<key>productReference</key>
			<string>3A3E582A19EA109E00A82565</string>
			<key>productType</key>
			<string>com.apple.product-type.bundle</string>
		</dict>
		<key>3A3E582A19EA109E00A82565</key>
		<dict>
			<key>explicitFileType</key>
			<string>wrapper.cfbundle</string>
			<key>includeInIndex</key>
			<string>0</string>
			<key>isa</key>
			<string>PBXFileReference</string>
			<key>path</key>
			<string>TFLib.bundle</string>
			<key>sourceTree</key>
			<string>BUILT_PRODUCTS_DIR</string>
		</dict>
		<key>3A3E582B19EA109E00A82565</key>
		<dict>
			<key>children</key>
			<array>
				<string>3A56362A19EADA5C00D6C1C1</string>
				<string>3A56368C19EBA2C200D6C1C1</string>
				<string>3A56362C19EADA8600D6C1C1</string>
				<string>3A56359E19EAAA0B00D6C1C1</string>
				<string>3A3E582C19EA109E00A82565</string>
			</array>
			<key>isa</key>
			<string>PBXGroup</string>
			<key>path</key>
			<string>TFLibResources</string>
			<key>sourceTree</key>
			<string>&lt;group&gt;</string>
		</dict>
		<key>3A3E582C19EA109E00A82565</key>
		<dict>
			<key>children</key>
			<array>
				<string>3A3E582D19EA109E00A82565</string>
			</array>
			<key>isa</key>
			<string>PBXGroup</string>
			<key>name</key>
			<string>Supporting Files</string>
			<key>sourceTree</key>
			<string>&lt;group&gt;</string>
		</dict>
		<key>3A3E582D19EA109E00A82565</key>
		<dict>
			<key>isa</key>
			<string>PBXFileReference</string>
			<key>lastKnownFileType</key>
			<string>text.plist.xml</string>
			<key>path</key>
			<string>Info.plist</string>
			<key>sourceTree</key>
			<string>&lt;group&gt;</string>
		</dict>
		<key>3A3E582E19EA109E00A82565</key>
		<dict>
			<key>buildSettings</key>
			<dict>
				<key>COMBINE_HIDPI_IMAGES</key>
				<string>NO</string>
				<key>GCC_PREPROCESSOR_DEFINITIONS</key>
				<array>
					<string>DEBUG=1</string>
					<string>$(inherited)</string>
				</array>
				<key>INFOPLIST_FILE</key>
				<string>TFLibResources/Info.plist</string>
				<key>INSTALL_PATH</key>
				<string>$(LOCAL_LIBRARY_DIR)/Bundles</string>
				<key>MACOSX_DEPLOYMENT_TARGET</key>
				<string>10.9</string>
				<key>PRODUCT_NAME</key>
				<string>TFLib</string>
				<key>SKIP_INSTALL</key>
				<string>YES</string>
				<key>WRAPPER_EXTENSION</key>
				<string>bundle</string>
			</dict>
			<key>isa</key>
			<string>XCBuildConfiguration</string>
			<key>name</key>
			<string>Debug</string>
		</dict>
		<key>3A3E582F19EA109E00A82565</key>
		<dict>
			<key>buildSettings</key>
			<dict>
				<key>COMBINE_HIDPI_IMAGES</key>
				<string>NO</string>
				<key>DEBUG_INFORMATION_FORMAT</key>
				<string>dwarf-with-dsym</string>
				<key>INFOPLIST_FILE</key>
				<string>TFLibResources/Info.plist</string>
				<key>INSTALL_PATH</key>
				<string>$(LOCAL_LIBRARY_DIR)/Bundles</string>
				<key>MACOSX_DEPLOYMENT_TARGET</key>
				<string>10.9</string>
				<key>PRODUCT_NAME</key>
				<string>TFLib</string>
				<key>SKIP_INSTALL</key>
				<string>YES</string>
				<key>WRAPPER_EXTENSION</key>
				<string>bundle</string>
			</dict>
			<key>isa</key>
			<string>XCBuildConfiguration</string>
			<key>name</key>
			<string>Release</string>
		</dict>
		<key>3A3E583019EA109E00A82565</key>
		<dict>
			<key>buildConfigurations</key>
			<array>
				<string>3A3E582E19EA109E00A82565</string>
				<string>3A3E582F19EA109E00A82565</string>
			</array>
			<key>defaultConfigurationIsVisible</key>
			<string>0</string>
			<key>defaultConfigurationName</key>
			<string>Release</string>
			<key>isa</key>
			<string>XCConfigurationList</string>
		</dict>
		<key>3A3E583119EA111100A82565</key>
		<dict>
			<key>containerPortal</key>
			<string>3A3E577219EA00F500A82565</string>
			<key>isa</key>
			<string>PBXContainerItemProxy</string>
			<key>proxyType</key>
			<string>1</string>
			<key>remoteGlobalIDString</key>
			<string>3A3E582919EA109E00A82565</string>
			<key>remoteInfo</key>
			<string>TFLibResources</string>
		</dict>
		<key>3A3E583219EA111100A82565</key>
		<dict>
			<key>isa</key>
			<string>PBXTargetDependency</string>
			<key>target</key>
			<string>3A3E582919EA109E00A82565</string>
			<key>targetProxy</key>
			<string>3A3E583119EA111100A82565</string>
		</dict>
		<key>3A56359519EAA98500D6C1C1</key>
		<dict>
			<key>children</key>
			<array>
				<string>3A5635E219EAB9B700D6C1C1</string>
				<string>3A56359619EAA98600D6C1C1</string>
				<string>3A56359719EAA98600D6C1C1</string>
				<string>3A56359819EAA98600D6C1C1</string>
				<string>3A56359919EAA98600D6C1C1</string>
				<string>3A56359F19EAAA5B00D6C1C1</string>
				<string>3A5635A019EAAA5B00D6C1C1</string>
				<string>3A5635A119EAAA5B00D6C1C1</string>
			</array>
			<key>isa</key>
			<string>PBXGroup</string>
			<key>path</key>
			<string>API</string>
			<key>sourceTree</key>
			<string>&lt;group&gt;</string>
		</dict>
		<key>3A56359619EAA98600D6C1C1</key>
		<dict>
			<key>fileEncoding</key>
			<string>4</string>
			<key>isa</key>
			<string>PBXFileReference</string>
			<key>lastKnownFileType</key>
			<string>sourcecode.c.h</string>
			<key>path</key>
			<string>API.h</string>
			<key>sourceTree</key>
			<string>&lt;group&gt;</string>
		</dict>
		<key>3A56359719EAA98600D6C1C1</key>
		<dict>
			<key>fileEncoding</key>
			<string>4</string>
			<key>isa</key>
			<string>PBXFileReference</string>
			<key>lastKnownFileType</key>
			<string>sourcecode.c.objc</string>
			<key>path</key>
			<string>API.m</string>
			<key>sourceTree</key>
			<string>&lt;group&gt;</string>
		</dict>
		<key>3A56359819EAA98600D6C1C1</key>
		<dict>
			<key>fileEncoding</key>
			<string>4</string>
			<key>isa</key>
			<string>PBXFileReference</string>
			<key>lastKnownFileType</key>
			<string>sourcecode.c.h</string>
			<key>path</key>
			<string>ConnectionManager.h</string>
			<key>sourceTree</key>
			<string>&lt;group&gt;</string>
		</dict>
		<key>3A56359919EAA98600D6C1C1</key>
		<dict>
			<key>fileEncoding</key>
			<string>4</string>
			<key>isa</key>
			<string>PBXFileReference</string>
			<key>lastKnownFileType</key>
			<string>sourcecode.c.objc</string>
			<key>path</key>
			<string>ConnectionManager.m</string>
			<key>sourceTree</key>
			<string>&lt;group&gt;</string>
		</dict>
		<key>3A56359A19EAA98600D6C1C1</key>
		<dict>
			<key>fileRef</key>
			<string>3A56359619EAA98600D6C1C1</string>
			<key>isa</key>
			<string>PBXBuildFile</string>
			<key>settings</key>
			<dict>
				<key>ATTRIBUTES</key>
				<array>
					<string>Public</string>
				</array>
			</dict>
		</dict>
		<key>3A56359B19EAA98600D6C1C1</key>
		<dict>
			<key>fileRef</key>
			<string>3A56359719EAA98600D6C1C1</string>
			<key>isa</key>
			<string>PBXBuildFile</string>
		</dict>
		<key>3A56359C19EAA98600D6C1C1</key>
		<dict>
			<key>fileRef</key>
			<string>3A56359819EAA98600D6C1C1</string>
			<key>isa</key>
			<string>PBXBuildFile</string>
			<key>settings</key>
			<dict>
				<key>ATTRIBUTES</key>
				<array>
					<string>Public</string>
				</array>
			</dict>
		</dict>
		<key>3A56359D19EAA98600D6C1C1</key>
		<dict>
			<key>fileRef</key>
			<string>3A56359919EAA98600D6C1C1</string>
			<key>isa</key>
			<string>PBXBuildFile</string>
		</dict>
		<key>3A56359E19EAAA0B00D6C1C1</key>
		<dict>
			<key>fileEncoding</key>
			<string>4</string>
			<key>isa</key>
			<string>PBXFileReference</string>
			<key>lastKnownFileType</key>
			<string>text.plist.xml</string>
			<key>path</key>
			<string>Config.plist</string>
			<key>sourceTree</key>
			<string>&lt;group&gt;</string>
		</dict>
		<key>3A56359F19EAAA5B00D6C1C1</key>
		<dict>
			<key>fileEncoding</key>
			<string>4</string>
			<key>isa</key>
			<string>PBXFileReference</string>
			<key>lastKnownFileType</key>
			<string>sourcecode.c.h</string>
			<key>path</key>
			<string>Constants.h</string>
			<key>sourceTree</key>
			<string>&lt;group&gt;</string>
		</dict>
		<key>3A5635A019EAAA5B00D6C1C1</key>
		<dict>
			<key>fileEncoding</key>
			<string>4</string>
			<key>isa</key>
			<string>PBXFileReference</string>
			<key>lastKnownFileType</key>
			<string>sourcecode.c.h</string>
			<key>path</key>
			<string>Utils.h</string>
			<key>sourceTree</key>
			<string>&lt;group&gt;</string>
		</dict>
		<key>3A5635A119EAAA5B00D6C1C1</key>
		<dict>
			<key>fileEncoding</key>
			<string>4</string>
			<key>isa</key>
			<string>PBXFileReference</string>
			<key>lastKnownFileType</key>
			<string>sourcecode.c.objc</string>
			<key>path</key>
			<string>Utils.m</string>
			<key>sourceTree</key>
			<string>&lt;group&gt;</string>
		</dict>
		<key>3A5635A219EAAA5B00D6C1C1</key>
		<dict>
			<key>fileRef</key>
			<string>3A56359F19EAAA5B00D6C1C1</string>
			<key>isa</key>
			<string>PBXBuildFile</string>
			<key>settings</key>
			<dict>
				<key>ATTRIBUTES</key>
				<array>
					<string>Public</string>
				</array>
			</dict>
		</dict>
		<key>3A5635A319EAAA5B00D6C1C1</key>
		<dict>
			<key>fileRef</key>
			<string>3A5635A019EAAA5B00D6C1C1</string>
			<key>isa</key>
			<string>PBXBuildFile</string>
			<key>settings</key>
			<dict>
				<key>ATTRIBUTES</key>
				<array>
					<string>Public</string>
				</array>
			</dict>
		</dict>
		<key>3A5635A419EAAA5B00D6C1C1</key>
		<dict>
			<key>fileRef</key>
			<string>3A5635A119EAAA5B00D6C1C1</string>
			<key>isa</key>
			<string>PBXBuildFile</string>
		</dict>
		<key>3A5635A519EAAADA00D6C1C1</key>
		<dict>
			<key>children</key>
			<array>
				<string>3A56363919EB203800D6C1C1</string>
				<string>3A5635D919EAB99200D6C1C1</string>
				<string>3A5635A619EAAADA00D6C1C1</string>
			</array>
			<key>isa</key>
			<string>PBXGroup</string>
			<key>path</key>
			<string>Libs</string>
			<key>sourceTree</key>
			<string>&lt;group&gt;</string>
		</dict>
		<key>3A5635A619EAAADA00D6C1C1</key>
		<dict>
			<key>children</key>
			<array>
				<string>3A5635A719EAAADA00D6C1C1</string>
				<string>3A5635A819EAAADA00D6C1C1</string>
				<string>3A5635A919EAAADA00D6C1C1</string>
				<string>3A5635AA19EAAADA00D6C1C1</string>
				<string>3A5635AB19EAAADA00D6C1C1</string>
				<string>3A5635AC19EAAADA00D6C1C1</string>
				<string>3A5635AD19EAAADA00D6C1C1</string>
				<string>3A5635AE19EAAADA00D6C1C1</string>
				<string>3A5635AF19EAAADA00D6C1C1</string>
				<string>3A5635B019EAAADA00D6C1C1</string>
				<string>3A5635B119EAAADA00D6C1C1</string>
				<string>3A5635B219EAAADA00D6C1C1</string>
				<string>3A5635B319EAAADA00D6C1C1</string>
				<string>3A5635B419EAAADA00D6C1C1</string>
				<string>3A5635B519EAAADA00D6C1C1</string>
				<string>3A5635B619EAAADA00D6C1C1</string>
				<string>3A5635B719EAAADA00D6C1C1</string>
				<string>3A5635B819EAAADA00D6C1C1</string>
				<string>3A5635B919EAAADA00D6C1C1</string>
			</array>
			<key>isa</key>
			<string>PBXGroup</string>
			<key>path</key>
			<string>AFNetworking</string>
			<key>sourceTree</key>
			<string>&lt;group&gt;</string>
		</dict>
		<key>3A5635A719EAAADA00D6C1C1</key>
		<dict>
			<key>fileEncoding</key>
			<string>4</string>
			<key>isa</key>
			<string>PBXFileReference</string>
			<key>lastKnownFileType</key>
			<string>sourcecode.c.h</string>
			<key>path</key>
			<string>AFHTTPRequestOperation.h</string>
			<key>sourceTree</key>
			<string>&lt;group&gt;</string>
		</dict>
		<key>3A5635A819EAAADA00D6C1C1</key>
		<dict>
			<key>fileEncoding</key>
			<string>4</string>
			<key>isa</key>
			<string>PBXFileReference</string>
			<key>lastKnownFileType</key>
			<string>sourcecode.c.objc</string>
			<key>path</key>
			<string>AFHTTPRequestOperation.m</string>
			<key>sourceTree</key>
			<string>&lt;group&gt;</string>
		</dict>
		<key>3A5635A919EAAADA00D6C1C1</key>
		<dict>
			<key>fileEncoding</key>
			<string>4</string>
			<key>isa</key>
			<string>PBXFileReference</string>
			<key>lastKnownFileType</key>
			<string>sourcecode.c.h</string>
			<key>path</key>
			<string>AFHTTPRequestOperationManager.h</string>
			<key>sourceTree</key>
			<string>&lt;group&gt;</string>
		</dict>
		<key>3A5635AA19EAAADA00D6C1C1</key>
		<dict>
			<key>fileEncoding</key>
			<string>4</string>
			<key>isa</key>
			<string>PBXFileReference</string>
			<key>lastKnownFileType</key>
			<string>sourcecode.c.objc</string>
			<key>path</key>
			<string>AFHTTPRequestOperationManager.m</string>
			<key>sourceTree</key>
			<string>&lt;group&gt;</string>
		</dict>
		<key>3A5635AB19EAAADA00D6C1C1</key>
		<dict>
			<key>fileEncoding</key>
			<string>4</string>
			<key>isa</key>
			<string>PBXFileReference</string>
			<key>lastKnownFileType</key>
			<string>sourcecode.c.h</string>
			<key>path</key>
			<string>AFHTTPSessionManager.h</string>
			<key>sourceTree</key>
			<string>&lt;group&gt;</string>
		</dict>
		<key>3A5635AC19EAAADA00D6C1C1</key>
		<dict>
			<key>fileEncoding</key>
			<string>4</string>
			<key>isa</key>
			<string>PBXFileReference</string>
			<key>lastKnownFileType</key>
			<string>sourcecode.c.objc</string>
			<key>path</key>
			<string>AFHTTPSessionManager.m</string>
			<key>sourceTree</key>
			<string>&lt;group&gt;</string>
		</dict>
		<key>3A5635AD19EAAADA00D6C1C1</key>
		<dict>
			<key>fileEncoding</key>
			<string>4</string>
			<key>isa</key>
			<string>PBXFileReference</string>
			<key>lastKnownFileType</key>
			<string>sourcecode.c.h</string>
			<key>path</key>
			<string>AFNetworking.h</string>
			<key>sourceTree</key>
			<string>&lt;group&gt;</string>
		</dict>
		<key>3A5635AE19EAAADA00D6C1C1</key>
		<dict>
			<key>fileEncoding</key>
			<string>4</string>
			<key>isa</key>
			<string>PBXFileReference</string>
			<key>lastKnownFileType</key>
			<string>sourcecode.c.h</string>
			<key>path</key>
			<string>AFNetworkReachabilityManager.h</string>
			<key>sourceTree</key>
			<string>&lt;group&gt;</string>
		</dict>
		<key>3A5635AF19EAAADA00D6C1C1</key>
		<dict>
			<key>fileEncoding</key>
			<string>4</string>
			<key>isa</key>
			<string>PBXFileReference</string>
			<key>lastKnownFileType</key>
			<string>sourcecode.c.objc</string>
			<key>path</key>
			<string>AFNetworkReachabilityManager.m</string>
			<key>sourceTree</key>
			<string>&lt;group&gt;</string>
		</dict>
		<key>3A5635B019EAAADA00D6C1C1</key>
		<dict>
			<key>fileEncoding</key>
			<string>4</string>
			<key>isa</key>
			<string>PBXFileReference</string>
			<key>lastKnownFileType</key>
			<string>sourcecode.c.h</string>
			<key>path</key>
			<string>AFSecurityPolicy.h</string>
			<key>sourceTree</key>
			<string>&lt;group&gt;</string>
		</dict>
		<key>3A5635B119EAAADA00D6C1C1</key>
		<dict>
			<key>fileEncoding</key>
			<string>4</string>
			<key>isa</key>
			<string>PBXFileReference</string>
			<key>lastKnownFileType</key>
			<string>sourcecode.c.objc</string>
			<key>path</key>
			<string>AFSecurityPolicy.m</string>
			<key>sourceTree</key>
			<string>&lt;group&gt;</string>
		</dict>
		<key>3A5635B219EAAADA00D6C1C1</key>
		<dict>
			<key>fileEncoding</key>
			<string>4</string>
			<key>isa</key>
			<string>PBXFileReference</string>
			<key>lastKnownFileType</key>
			<string>sourcecode.c.h</string>
			<key>path</key>
			<string>AFURLConnectionOperation.h</string>
			<key>sourceTree</key>
			<string>&lt;group&gt;</string>
		</dict>
		<key>3A5635B319EAAADA00D6C1C1</key>
		<dict>
			<key>fileEncoding</key>
			<string>4</string>
			<key>isa</key>
			<string>PBXFileReference</string>
			<key>lastKnownFileType</key>
			<string>sourcecode.c.objc</string>
			<key>path</key>
			<string>AFURLConnectionOperation.m</string>
			<key>sourceTree</key>
			<string>&lt;group&gt;</string>
		</dict>
		<key>3A5635B419EAAADA00D6C1C1</key>
		<dict>
			<key>fileEncoding</key>
			<string>4</string>
			<key>isa</key>
			<string>PBXFileReference</string>
			<key>lastKnownFileType</key>
			<string>sourcecode.c.h</string>
			<key>path</key>
			<string>AFURLRequestSerialization.h</string>
			<key>sourceTree</key>
			<string>&lt;group&gt;</string>
		</dict>
		<key>3A5635B519EAAADA00D6C1C1</key>
		<dict>
			<key>fileEncoding</key>
			<string>4</string>
			<key>isa</key>
			<string>PBXFileReference</string>
			<key>lastKnownFileType</key>
			<string>sourcecode.c.objc</string>
			<key>path</key>
			<string>AFURLRequestSerialization.m</string>
			<key>sourceTree</key>
			<string>&lt;group&gt;</string>
		</dict>
		<key>3A5635B619EAAADA00D6C1C1</key>
		<dict>
			<key>fileEncoding</key>
			<string>4</string>
			<key>isa</key>
			<string>PBXFileReference</string>
			<key>lastKnownFileType</key>
			<string>sourcecode.c.h</string>
			<key>path</key>
			<string>AFURLResponseSerialization.h</string>
			<key>sourceTree</key>
			<string>&lt;group&gt;</string>
		</dict>
		<key>3A5635B719EAAADA00D6C1C1</key>
		<dict>
			<key>fileEncoding</key>
			<string>4</string>
			<key>isa</key>
			<string>PBXFileReference</string>
			<key>lastKnownFileType</key>
			<string>sourcecode.c.objc</string>
			<key>path</key>
			<string>AFURLResponseSerialization.m</string>
			<key>sourceTree</key>
			<string>&lt;group&gt;</string>
		</dict>
		<key>3A5635B819EAAADA00D6C1C1</key>
		<dict>
			<key>fileEncoding</key>
			<string>4</string>
			<key>isa</key>
			<string>PBXFileReference</string>
			<key>lastKnownFileType</key>
			<string>sourcecode.c.h</string>
			<key>path</key>
			<string>AFURLSessionManager.h</string>
			<key>sourceTree</key>
			<string>&lt;group&gt;</string>
		</dict>
		<key>3A5635B919EAAADA00D6C1C1</key>
		<dict>
			<key>fileEncoding</key>
			<string>4</string>
			<key>isa</key>
			<string>PBXFileReference</string>
			<key>lastKnownFileType</key>
			<string>sourcecode.c.objc</string>
			<key>path</key>
			<string>AFURLSessionManager.m</string>
			<key>sourceTree</key>
			<string>&lt;group&gt;</string>
		</dict>
		<key>3A5635BA19EAAADA00D6C1C1</key>
		<dict>
			<key>fileRef</key>
			<string>3A5635A719EAAADA00D6C1C1</string>
			<key>isa</key>
			<string>PBXBuildFile</string>
			<key>settings</key>
			<dict>
				<key>ATTRIBUTES</key>
				<array>
					<string>Public</string>
				</array>
			</dict>
		</dict>
		<key>3A5635BB19EAAADA00D6C1C1</key>
		<dict>
			<key>fileRef</key>
			<string>3A5635A819EAAADA00D6C1C1</string>
			<key>isa</key>
			<string>PBXBuildFile</string>
		</dict>
		<key>3A5635BC19EAAADA00D6C1C1</key>
		<dict>
			<key>fileRef</key>
			<string>3A5635A919EAAADA00D6C1C1</string>
			<key>isa</key>
			<string>PBXBuildFile</string>
			<key>settings</key>
			<dict>
				<key>ATTRIBUTES</key>
				<array>
					<string>Public</string>
				</array>
			</dict>
		</dict>
		<key>3A5635BD19EAAADA00D6C1C1</key>
		<dict>
			<key>fileRef</key>
			<string>3A5635AA19EAAADA00D6C1C1</string>
			<key>isa</key>
			<string>PBXBuildFile</string>
		</dict>
		<key>3A5635BE19EAAADA00D6C1C1</key>
		<dict>
			<key>fileRef</key>
			<string>3A5635AB19EAAADA00D6C1C1</string>
			<key>isa</key>
			<string>PBXBuildFile</string>
			<key>settings</key>
			<dict>
				<key>ATTRIBUTES</key>
				<array>
					<string>Public</string>
				</array>
			</dict>
		</dict>
		<key>3A5635BF19EAAADA00D6C1C1</key>
		<dict>
			<key>fileRef</key>
			<string>3A5635AC19EAAADA00D6C1C1</string>
			<key>isa</key>
			<string>PBXBuildFile</string>
		</dict>
		<key>3A5635C019EAAADA00D6C1C1</key>
		<dict>
			<key>fileRef</key>
			<string>3A5635AD19EAAADA00D6C1C1</string>
			<key>isa</key>
			<string>PBXBuildFile</string>
			<key>settings</key>
			<dict>
				<key>ATTRIBUTES</key>
				<array>
					<string>Public</string>
				</array>
			</dict>
		</dict>
		<key>3A5635C119EAAADA00D6C1C1</key>
		<dict>
			<key>fileRef</key>
			<string>3A5635AE19EAAADA00D6C1C1</string>
			<key>isa</key>
			<string>PBXBuildFile</string>
			<key>settings</key>
			<dict>
				<key>ATTRIBUTES</key>
				<array>
					<string>Public</string>
				</array>
			</dict>
		</dict>
		<key>3A5635C219EAAADA00D6C1C1</key>
		<dict>
			<key>fileRef</key>
			<string>3A5635AF19EAAADA00D6C1C1</string>
			<key>isa</key>
			<string>PBXBuildFile</string>
		</dict>
		<key>3A5635C319EAAADA00D6C1C1</key>
		<dict>
			<key>fileRef</key>
			<string>3A5635B019EAAADA00D6C1C1</string>
			<key>isa</key>
			<string>PBXBuildFile</string>
			<key>settings</key>
			<dict>
				<key>ATTRIBUTES</key>
				<array>
					<string>Public</string>
				</array>
			</dict>
		</dict>
		<key>3A5635C419EAAADA00D6C1C1</key>
		<dict>
			<key>fileRef</key>
			<string>3A5635B119EAAADA00D6C1C1</string>
			<key>isa</key>
			<string>PBXBuildFile</string>
		</dict>
		<key>3A5635C519EAAADA00D6C1C1</key>
		<dict>
			<key>fileRef</key>
			<string>3A5635B219EAAADA00D6C1C1</string>
			<key>isa</key>
			<string>PBXBuildFile</string>
			<key>settings</key>
			<dict>
				<key>ATTRIBUTES</key>
				<array>
					<string>Public</string>
				</array>
			</dict>
		</dict>
		<key>3A5635C619EAAADA00D6C1C1</key>
		<dict>
			<key>fileRef</key>
			<string>3A5635B319EAAADA00D6C1C1</string>
			<key>isa</key>
			<string>PBXBuildFile</string>
		</dict>
		<key>3A5635C719EAAADA00D6C1C1</key>
		<dict>
			<key>fileRef</key>
			<string>3A5635B419EAAADA00D6C1C1</string>
			<key>isa</key>
			<string>PBXBuildFile</string>
			<key>settings</key>
			<dict>
				<key>ATTRIBUTES</key>
				<array>
					<string>Public</string>
				</array>
			</dict>
		</dict>
		<key>3A5635C819EAAADA00D6C1C1</key>
		<dict>
			<key>fileRef</key>
			<string>3A5635B519EAAADA00D6C1C1</string>
			<key>isa</key>
			<string>PBXBuildFile</string>
		</dict>
		<key>3A5635C919EAAADA00D6C1C1</key>
		<dict>
			<key>fileRef</key>
			<string>3A5635B619EAAADA00D6C1C1</string>
			<key>isa</key>
			<string>PBXBuildFile</string>
			<key>settings</key>
			<dict>
				<key>ATTRIBUTES</key>
				<array>
					<string>Public</string>
				</array>
			</dict>
		</dict>
		<key>3A5635CA19EAAADA00D6C1C1</key>
		<dict>
			<key>fileRef</key>
			<string>3A5635B719EAAADA00D6C1C1</string>
			<key>isa</key>
			<string>PBXBuildFile</string>
		</dict>
		<key>3A5635CB19EAAADA00D6C1C1</key>
		<dict>
			<key>fileRef</key>
			<string>3A5635B819EAAADA00D6C1C1</string>
			<key>isa</key>
			<string>PBXBuildFile</string>
			<key>settings</key>
			<dict>
				<key>ATTRIBUTES</key>
				<array>
					<string>Public</string>
				</array>
			</dict>
		</dict>
		<key>3A5635CC19EAAADA00D6C1C1</key>
		<dict>
			<key>fileRef</key>
			<string>3A5635B919EAAADA00D6C1C1</string>
			<key>isa</key>
			<string>PBXBuildFile</string>
		</dict>
		<key>3A5635D919EAB99200D6C1C1</key>
		<dict>
			<key>children</key>
			<array>
				<string>3A5635DA19EAB99200D6C1C1</string>
				<string>3A5635DB19EAB99200D6C1C1</string>
				<string>3A5635DC19EAB99200D6C1C1</string>
				<string>3A5635DD19EAB99200D6C1C1</string>
			</array>
			<key>isa</key>
			<string>PBXGroup</string>
			<key>path</key>
			<string>SSKeychain</string>
			<key>sourceTree</key>
			<string>&lt;group&gt;</string>
		</dict>
		<key>3A5635DA19EAB99200D6C1C1</key>
		<dict>
			<key>fileEncoding</key>
			<string>4</string>
			<key>isa</key>
			<string>PBXFileReference</string>
			<key>lastKnownFileType</key>
			<string>sourcecode.c.h</string>
			<key>path</key>
			<string>SSKeychain.h</string>
			<key>sourceTree</key>
			<string>&lt;group&gt;</string>
		</dict>
		<key>3A5635DB19EAB99200D6C1C1</key>
		<dict>
			<key>fileEncoding</key>
			<string>4</string>
			<key>isa</key>
			<string>PBXFileReference</string>
			<key>lastKnownFileType</key>
			<string>sourcecode.c.objc</string>
			<key>path</key>
			<string>SSKeychain.m</string>
			<key>sourceTree</key>
			<string>&lt;group&gt;</string>
		</dict>
		<key>3A5635DC19EAB99200D6C1C1</key>
		<dict>
			<key>fileEncoding</key>
			<string>4</string>
			<key>isa</key>
			<string>PBXFileReference</string>
			<key>lastKnownFileType</key>
			<string>sourcecode.c.h</string>
			<key>path</key>
			<string>SSKeychainQuery.h</string>
			<key>sourceTree</key>
			<string>&lt;group&gt;</string>
		</dict>
		<key>3A5635DD19EAB99200D6C1C1</key>
		<dict>
			<key>fileEncoding</key>
			<string>4</string>
			<key>isa</key>
			<string>PBXFileReference</string>
			<key>lastKnownFileType</key>
			<string>sourcecode.c.objc</string>
			<key>path</key>
			<string>SSKeychainQuery.m</string>
			<key>sourceTree</key>
			<string>&lt;group&gt;</string>
		</dict>
		<key>3A5635DE19EAB99200D6C1C1</key>
		<dict>
			<key>fileRef</key>
			<string>3A5635DA19EAB99200D6C1C1</string>
			<key>isa</key>
			<string>PBXBuildFile</string>
			<key>settings</key>
			<dict>
				<key>ATTRIBUTES</key>
				<array>
					<string>Public</string>
				</array>
			</dict>
		</dict>
		<key>3A5635DF19EAB99200D6C1C1</key>
		<dict>
			<key>fileRef</key>
			<string>3A5635DB19EAB99200D6C1C1</string>
			<key>isa</key>
			<string>PBXBuildFile</string>
		</dict>
		<key>3A5635E019EAB99200D6C1C1</key>
		<dict>
			<key>fileRef</key>
			<string>3A5635DC19EAB99200D6C1C1</string>
			<key>isa</key>
			<string>PBXBuildFile</string>
			<key>settings</key>
			<dict>
				<key>ATTRIBUTES</key>
				<array>
					<string>Public</string>
				</array>
			</dict>
		</dict>
		<key>3A5635E119EAB99200D6C1C1</key>
		<dict>
			<key>fileRef</key>
			<string>3A5635DD19EAB99200D6C1C1</string>
			<key>isa</key>
			<string>PBXBuildFile</string>
		</dict>
		<key>3A5635E219EAB9B700D6C1C1</key>
		<dict>
			<key>fileEncoding</key>
			<string>4</string>
			<key>isa</key>
			<string>PBXFileReference</string>
			<key>lastKnownFileType</key>
			<string>sourcecode.c.h</string>
			<key>path</key>
			<string>Logger.h</string>
			<key>sourceTree</key>
			<string>&lt;group&gt;</string>
		</dict>
		<key>3A5635E319EAB9B700D6C1C1</key>
		<dict>
			<key>fileRef</key>
			<string>3A5635E219EAB9B700D6C1C1</string>
			<key>isa</key>
			<string>PBXBuildFile</string>
			<key>settings</key>
			<dict>
				<key>ATTRIBUTES</key>
				<array>
					<string>Public</string>
				</array>
			</dict>
		</dict>
		<key>3A5635E419EAC48600D6C1C1</key>
		<dict>
			<key>isa</key>
			<string>PBXFileReference</string>
			<key>lastKnownFileType</key>
			<string>wrapper.framework</string>
			<key>name</key>
			<string>MobileCoreServices.framework</string>
			<key>path</key>
			<string>System/Library/Frameworks/MobileCoreServices.framework</string>
			<key>sourceTree</key>
			<string>SDKROOT</string>
		</dict>
		<key>3A5635E519EAC48600D6C1C1</key>
		<dict>
			<key>fileRef</key>
			<string>3A5635E419EAC48600D6C1C1</string>
			<key>isa</key>
			<string>PBXBuildFile</string>
		</dict>
		<key>3A5635E619EAC49200D6C1C1</key>
		<dict>
			<key>isa</key>
			<string>PBXFileReference</string>
			<key>lastKnownFileType</key>
			<string>wrapper.framework</string>
			<key>name</key>
			<string>SystemConfiguration.framework</string>
			<key>path</key>
			<string>System/Library/Frameworks/SystemConfiguration.framework</string>
			<key>sourceTree</key>
			<string>SDKROOT</string>
		</dict>
		<key>3A5635ED19EAD28A00D6C1C1</key>
		<dict>
			<key>fileRef</key>
			<string>3A56359E19EAAA0B00D6C1C1</string>
			<key>isa</key>
			<string>PBXBuildFile</string>
		</dict>
		<key>3A56362A19EADA5C00D6C1C1</key>
		<dict>
			<key>fileEncoding</key>
			<string>4</string>
			<key>isa</key>
			<string>PBXFileReference</string>
			<key>lastKnownFileType</key>
			<string>file.xib</string>
			<key>path</key>
			<string>TFMainView.xib</string>
			<key>sourceTree</key>
			<string>&lt;group&gt;</string>
		</dict>
		<key>3A56362B19EADA5C00D6C1C1</key>
		<dict>
			<key>fileRef</key>
			<string>3A56362A19EADA5C00D6C1C1</string>
			<key>isa</key>
			<string>PBXBuildFile</string>
		</dict>
		<key>3A56362C19EADA8600D6C1C1</key>
		<dict>
			<key>children</key>
			<array>
				<string>3A33FCA61A6E852300D681C3</string>
				<string>3A2564BF19EE9AC700B71F3F</string>
			</array>
			<key>isa</key>
			<string>PBXGroup</string>
			<key>name</key>
			<string>Images</string>
			<key>sourceTree</key>
			<string>&lt;group&gt;</string>
		</dict>
		<key>3A56363019EAE3CC00D6C1C1</key>
		<dict>
			<key>fileRef</key>
			<string>3A3E582A19EA109E00A82565</string>
			<key>isa</key>
			<string>PBXBuildFile</string>
		</dict>
		<key>3A56363919EB203800D6C1C1</key>
		<dict>
			<key>children</key>
			<array>
				<string>3A56363A19EB203800D6C1C1</string>
				<string>3A56363B19EB203800D6C1C1</string>
			</array>
			<key>isa</key>
			<string>PBXGroup</string>
			<key>path</key>
			<string>UIDownloadableImageView</string>
			<key>sourceTree</key>
			<string>&lt;group&gt;</string>
		</dict>
		<key>3A56363A19EB203800D6C1C1</key>
		<dict>
			<key>fileEncoding</key>
			<string>4</string>
			<key>isa</key>
			<string>PBXFileReference</string>
			<key>lastKnownFileType</key>
			<string>sourcecode.c.h</string>
			<key>path</key>
			<string>UIDownloadableImageView.h</string>
			<key>sourceTree</key>
			<string>&lt;group&gt;</string>
		</dict>
		<key>3A56363B19EB203800D6C1C1</key>
		<dict>
			<key>fileEncoding</key>
			<string>4</string>
			<key>isa</key>
			<string>PBXFileReference</string>
			<key>lastKnownFileType</key>
			<string>sourcecode.c.objc</string>
			<key>path</key>
			<string>UIDownloadableImageView.m</string>
			<key>sourceTree</key>
			<string>&lt;group&gt;</string>
		</dict>
		<key>3A56363C19EB203800D6C1C1</key>
		<dict>
			<key>fileRef</key>
			<string>3A56363A19EB203800D6C1C1</string>
			<key>isa</key>
			<string>PBXBuildFile</string>
		</dict>
		<key>3A56363D19EB203800D6C1C1</key>
		<dict>
			<key>fileRef</key>
			<string>3A56363B19EB203800D6C1C1</string>
			<key>isa</key>
			<string>PBXBuildFile</string>
		</dict>
		<key>3A56368C19EBA2C200D6C1C1</key>
		<dict>
			<key>children</key>
			<array>
				<string>3A56368D19EBA2C200D6C1C1</string>
				<string>3A56368E19EBA2C200D6C1C1</string>
				<string>3A56368F19EBA2C200D6C1C1</string>
				<string>3A56369019EBA2C200D6C1C1</string>
				<string>3A56369119EBA2C200D6C1C1</string>
				<string>3A56369219EBA2C200D6C1C1</string>
				<string>3A56369319EBA2C200D6C1C1</string>
				<string>3A56369419EBA2C200D6C1C1</string>
				<string>3A56369519EBA2C200D6C1C1</string>
				<string>3A56369619EBA2C200D6C1C1</string>
			</array>
			<key>isa</key>
			<string>PBXGroup</string>
			<key>path</key>
			<string>Fonts</string>
			<key>sourceTree</key>
			<string>&lt;group&gt;</string>
		</dict>
		<key>3A56368D19EBA2C200D6C1C1</key>
		<dict>
			<key>isa</key>
			<string>PBXFileReference</string>
			<key>lastKnownFileType</key>
			<string>file</string>
			<key>path</key>
			<string>MyriadPro-Bold.otf</string>
			<key>sourceTree</key>
			<string>&lt;group&gt;</string>
		</dict>
		<key>3A56368E19EBA2C200D6C1C1</key>
		<dict>
			<key>isa</key>
			<string>PBXFileReference</string>
			<key>lastKnownFileType</key>
			<string>file</string>
			<key>path</key>
			<string>MyriadPro-BoldCond.otf</string>
			<key>sourceTree</key>
			<string>&lt;group&gt;</string>
		</dict>
		<key>3A56368F19EBA2C200D6C1C1</key>
		<dict>
			<key>isa</key>
			<string>PBXFileReference</string>
			<key>lastKnownFileType</key>
			<string>file</string>
			<key>path</key>
			<string>MyriadPro-BoldCondIt.otf</string>
			<key>sourceTree</key>
			<string>&lt;group&gt;</string>
		</dict>
		<key>3A56369019EBA2C200D6C1C1</key>
		<dict>
			<key>isa</key>
			<string>PBXFileReference</string>
			<key>lastKnownFileType</key>
			<string>file</string>
			<key>path</key>
			<string>MyriadPro-BoldIt.otf</string>
			<key>sourceTree</key>
			<string>&lt;group&gt;</string>
		</dict>
		<key>3A56369119EBA2C200D6C1C1</key>
		<dict>
			<key>isa</key>
			<string>PBXFileReference</string>
			<key>lastKnownFileType</key>
			<string>file</string>
			<key>path</key>
			<string>MyriadPro-Cond.otf</string>
			<key>sourceTree</key>
			<string>&lt;group&gt;</string>
		</dict>
		<key>3A56369219EBA2C200D6C1C1</key>
		<dict>
			<key>isa</key>
			<string>PBXFileReference</string>
			<key>lastKnownFileType</key>
			<string>file</string>
			<key>path</key>
			<string>MyriadPro-CondIt.otf</string>
			<key>sourceTree</key>
			<string>&lt;group&gt;</string>
		</dict>
		<key>3A56369319EBA2C200D6C1C1</key>
		<dict>
			<key>isa</key>
			<string>PBXFileReference</string>
			<key>lastKnownFileType</key>
			<string>file</string>
			<key>path</key>
			<string>MyriadPro-It.otf</string>
			<key>sourceTree</key>
			<string>&lt;group&gt;</string>
		</dict>
		<key>3A56369419EBA2C200D6C1C1</key>
		<dict>
			<key>isa</key>
			<string>PBXFileReference</string>
			<key>lastKnownFileType</key>
			<string>file</string>
			<key>path</key>
			<string>MyriadPro-Regular.otf</string>
			<key>sourceTree</key>
			<string>&lt;group&gt;</string>
		</dict>
		<key>3A56369519EBA2C200D6C1C1</key>
		<dict>
			<key>isa</key>
			<string>PBXFileReference</string>
			<key>lastKnownFileType</key>
			<string>file</string>
			<key>path</key>
			<string>MyriadPro-Semibold.otf</string>
			<key>sourceTree</key>
			<string>&lt;group&gt;</string>
		</dict>
		<key>3A56369619EBA2C200D6C1C1</key>
		<dict>
			<key>isa</key>
			<string>PBXFileReference</string>
			<key>lastKnownFileType</key>
			<string>file</string>
			<key>path</key>
			<string>MyriadPro-SemiboldIt.otf</string>
			<key>sourceTree</key>
			<string>&lt;group&gt;</string>
		</dict>
		<key>3A56369719EBA2C200D6C1C1</key>
		<dict>
			<key>fileRef</key>
			<string>3A56368D19EBA2C200D6C1C1</string>
			<key>isa</key>
			<string>PBXBuildFile</string>
		</dict>
		<key>3A56369819EBA2C200D6C1C1</key>
		<dict>
			<key>fileRef</key>
			<string>3A56368E19EBA2C200D6C1C1</string>
			<key>isa</key>
			<string>PBXBuildFile</string>
		</dict>
		<key>3A56369919EBA2C200D6C1C1</key>
		<dict>
			<key>fileRef</key>
			<string>3A56368F19EBA2C200D6C1C1</string>
			<key>isa</key>
			<string>PBXBuildFile</string>
		</dict>
		<key>3A56369A19EBA2C200D6C1C1</key>
		<dict>
			<key>fileRef</key>
			<string>3A56369019EBA2C200D6C1C1</string>
			<key>isa</key>
			<string>PBXBuildFile</string>
		</dict>
		<key>3A56369B19EBA2C200D6C1C1</key>
		<dict>
			<key>fileRef</key>
			<string>3A56369119EBA2C200D6C1C1</string>
			<key>isa</key>
			<string>PBXBuildFile</string>
		</dict>
		<key>3A56369C19EBA2C200D6C1C1</key>
		<dict>
			<key>fileRef</key>
			<string>3A56369219EBA2C200D6C1C1</string>
			<key>isa</key>
			<string>PBXBuildFile</string>
		</dict>
		<key>3A56369D19EBA2C200D6C1C1</key>
		<dict>
			<key>fileRef</key>
			<string>3A56369319EBA2C200D6C1C1</string>
			<key>isa</key>
			<string>PBXBuildFile</string>
		</dict>
		<key>3A56369E19EBA2C200D6C1C1</key>
		<dict>
			<key>fileRef</key>
			<string>3A56369419EBA2C200D6C1C1</string>
			<key>isa</key>
			<string>PBXBuildFile</string>
		</dict>
		<key>3A56369F19EBA2C200D6C1C1</key>
		<dict>
			<key>fileRef</key>
			<string>3A56369519EBA2C200D6C1C1</string>
			<key>isa</key>
			<string>PBXBuildFile</string>
		</dict>
		<key>3A5636A019EBA2C200D6C1C1</key>
		<dict>
			<key>fileRef</key>
			<string>3A56369619EBA2C200D6C1C1</string>
			<key>isa</key>
			<string>PBXBuildFile</string>
		</dict>
		<key>3A5636A119EC2CA500D6C1C1</key>
		<dict>
			<key>isa</key>
			<string>PBXFileReference</string>
			<key>lastKnownFileType</key>
			<string>wrapper.framework</string>
			<key>name</key>
			<string>CoreText.framework</string>
			<key>path</key>
			<string>System/Library/Frameworks/CoreText.framework</string>
			<key>sourceTree</key>
			<string>SDKROOT</string>
		</dict>
		<key>3A5636A219EC2CA500D6C1C1</key>
		<dict>
			<key>fileRef</key>
			<string>3A5636A119EC2CA500D6C1C1</string>
			<key>isa</key>
			<string>PBXBuildFile</string>
		</dict>
		<key>3A896C531A6FEF85007BF9E2</key>
		<dict>
			<key>fileEncoding</key>
			<string>4</string>
			<key>isa</key>
			<string>PBXFileReference</string>
			<key>lastKnownFileType</key>
			<string>sourcecode.c.h</string>
			<key>name</key>
			<string>BaseView.h</string>
			<key>path</key>
			<string>TFLib/BaseView.h</string>
			<key>sourceTree</key>
			<string>SOURCE_ROOT</string>
		</dict>
		<key>3A896C541A6FEF85007BF9E2</key>
		<dict>
			<key>fileEncoding</key>
			<string>4</string>
			<key>isa</key>
			<string>PBXFileReference</string>
			<key>lastKnownFileType</key>
			<string>sourcecode.c.objc</string>
			<key>name</key>
			<string>BaseView.m</string>
			<key>path</key>
			<string>TFLib/BaseView.m</string>
			<key>sourceTree</key>
			<string>SOURCE_ROOT</string>
		</dict>
		<key>3A896C551A6FEF85007BF9E2</key>
		<dict>
			<key>fileRef</key>
			<string>3A896C531A6FEF85007BF9E2</string>
			<key>isa</key>
			<string>PBXBuildFile</string>
		</dict>
		<key>3A896C561A6FEF85007BF9E2</key>
		<dict>
			<key>fileRef</key>
			<string>3A896C541A6FEF85007BF9E2</string>
			<key>isa</key>
			<string>PBXBuildFile</string>
		</dict>
		<key>3A896C571A6FEFD6007BF9E2</key>
		<dict>
			<key>fileEncoding</key>
			<string>4</string>
			<key>isa</key>
			<string>PBXFileReference</string>
			<key>lastKnownFileType</key>
			<string>sourcecode.c.h</string>
			<key>path</key>
			<string>AuthView.h</string>
			<key>sourceTree</key>
			<string>&lt;group&gt;</string>
		</dict>
		<key>3A896C581A6FEFD6007BF9E2</key>
		<dict>
			<key>fileEncoding</key>
			<string>4</string>
			<key>isa</key>
			<string>PBXFileReference</string>
			<key>lastKnownFileType</key>
			<string>sourcecode.c.objc</string>
			<key>path</key>
			<string>AuthView.m</string>
			<key>sourceTree</key>
			<string>&lt;group&gt;</string>
		</dict>
		<key>3A896C591A6FEFD6007BF9E2</key>
		<dict>
			<key>fileRef</key>
			<string>3A896C571A6FEFD6007BF9E2</string>
			<key>isa</key>
			<string>PBXBuildFile</string>
		</dict>
		<key>3A896C5A1A6FEFD6007BF9E2</key>
		<dict>
			<key>fileRef</key>
			<string>3A896C581A6FEFD6007BF9E2</string>
			<key>isa</key>
			<string>PBXBuildFile</string>
		</dict>
		<key>3A896C5B1A6FF17D007BF9E2</key>
		<dict>
			<key>children</key>
			<array>
				<string>3A896C531A6FEF85007BF9E2</string>
				<string>3A896C541A6FEF85007BF9E2</string>
				<string>3A896C571A6FEFD6007BF9E2</string>
				<string>3A896C581A6FEFD6007BF9E2</string>
				<string>3A896C5C1A6FF1D5007BF9E2</string>
				<string>3A896C5D1A6FF1D5007BF9E2</string>
				<string>3A896C601A6FF271007BF9E2</string>
				<string>3A896C611A6FF271007BF9E2</string>
				<string>3A896C641A6FF2B2007BF9E2</string>
				<string>3A896C651A6FF2B2007BF9E2</string>
				<string>3A896C681A6FF2E1007BF9E2</string>
				<string>3A896C691A6FF2E1007BF9E2</string>
				<string>3A896C6C1A6FF30B007BF9E2</string>
				<string>3A896C6D1A6FF30B007BF9E2</string>
			</array>
			<key>isa</key>
			<string>PBXGroup</string>
			<key>name</key>
			<string>Views</string>
			<key>sourceTree</key>
			<string>&lt;group&gt;</string>
		</dict>
		<key>3A896C5C1A6FF1D5007BF9E2</key>
		<dict>
			<key>fileEncoding</key>
			<string>4</string>
			<key>isa</key>
			<string>PBXFileReference</string>
			<key>lastKnownFileType</key>
			<string>sourcecode.c.h</string>
			<key>path</key>
			<string>VoteView.h</string>
			<key>sourceTree</key>
			<string>&lt;group&gt;</string>
		</dict>
		<key>3A896C5D1A6FF1D5007BF9E2</key>
		<dict>
			<key>fileEncoding</key>
			<string>4</string>
			<key>isa</key>
			<string>PBXFileReference</string>
			<key>lastKnownFileType</key>
			<string>sourcecode.c.objc</string>
			<key>path</key>
			<string>VoteView.m</string>
			<key>sourceTree</key>
			<string>&lt;group&gt;</string>
		</dict>
		<key>3A896C5E1A6FF1D5007BF9E2</key>
		<dict>
			<key>fileRef</key>
			<string>3A896C5C1A6FF1D5007BF9E2</string>
			<key>isa</key>
			<string>PBXBuildFile</string>
		</dict>
		<key>3A896C5F1A6FF1D5007BF9E2</key>
		<dict>
			<key>fileRef</key>
			<string>3A896C5D1A6FF1D5007BF9E2</string>
			<key>isa</key>
			<string>PBXBuildFile</string>
		</dict>
		<key>3A896C601A6FF271007BF9E2</key>
		<dict>
			<key>fileEncoding</key>
			<string>4</string>
			<key>isa</key>
			<string>PBXFileReference</string>
			<key>lastKnownFileType</key>
			<string>sourcecode.c.h</string>
			<key>path</key>
			<string>ImageView.h</string>
			<key>sourceTree</key>
			<string>&lt;group&gt;</string>
		</dict>
		<key>3A896C611A6FF271007BF9E2</key>
		<dict>
			<key>fileEncoding</key>
			<string>4</string>
			<key>isa</key>
			<string>PBXFileReference</string>
			<key>lastKnownFileType</key>
			<string>sourcecode.c.objc</string>
			<key>path</key>
			<string>ImageView.m</string>
			<key>sourceTree</key>
			<string>&lt;group&gt;</string>
		</dict>
		<key>3A896C621A6FF271007BF9E2</key>
		<dict>
			<key>fileRef</key>
			<string>3A896C601A6FF271007BF9E2</string>
			<key>isa</key>
			<string>PBXBuildFile</string>
		</dict>
		<key>3A896C631A6FF271007BF9E2</key>
		<dict>
			<key>fileRef</key>
			<string>3A896C611A6FF271007BF9E2</string>
			<key>isa</key>
			<string>PBXBuildFile</string>
		</dict>
		<key>3A896C641A6FF2B2007BF9E2</key>
		<dict>
			<key>fileEncoding</key>
			<string>4</string>
			<key>isa</key>
			<string>PBXFileReference</string>
			<key>lastKnownFileType</key>
			<string>sourcecode.c.h</string>
			<key>path</key>
			<string>TextView.h</string>
			<key>sourceTree</key>
			<string>&lt;group&gt;</string>
		</dict>
		<key>3A896C651A6FF2B2007BF9E2</key>
		<dict>
			<key>fileEncoding</key>
			<string>4</string>
			<key>isa</key>
			<string>PBXFileReference</string>
			<key>lastKnownFileType</key>
			<string>sourcecode.c.objc</string>
			<key>path</key>
			<string>TextView.m</string>
			<key>sourceTree</key>
			<string>&lt;group&gt;</string>
		</dict>
		<key>3A896C661A6FF2B2007BF9E2</key>
		<dict>
			<key>fileRef</key>
			<string>3A896C641A6FF2B2007BF9E2</string>
			<key>isa</key>
			<string>PBXBuildFile</string>
		</dict>
		<key>3A896C671A6FF2B2007BF9E2</key>
		<dict>
			<key>fileRef</key>
			<string>3A896C651A6FF2B2007BF9E2</string>
			<key>isa</key>
			<string>PBXBuildFile</string>
		</dict>
		<key>3A896C681A6FF2E1007BF9E2</key>
		<dict>
			<key>fileEncoding</key>
			<string>4</string>
			<key>isa</key>
			<string>PBXFileReference</string>
			<key>lastKnownFileType</key>
			<string>sourcecode.c.h</string>
			<key>path</key>
			<string>MissedView.h</string>
			<key>sourceTree</key>
			<string>&lt;group&gt;</string>
		</dict>
		<key>3A896C691A6FF2E1007BF9E2</key>
		<dict>
			<key>fileEncoding</key>
			<string>4</string>
			<key>isa</key>
			<string>PBXFileReference</string>
			<key>lastKnownFileType</key>
			<string>sourcecode.c.objc</string>
			<key>path</key>
			<string>MissedView.m</string>
			<key>sourceTree</key>
			<string>&lt;group&gt;</string>
		</dict>
		<key>3A896C6A1A6FF2E1007BF9E2</key>
		<dict>
			<key>fileRef</key>
			<string>3A896C681A6FF2E1007BF9E2</string>
			<key>isa</key>
			<string>PBXBuildFile</string>
		</dict>
		<key>3A896C6B1A6FF2E1007BF9E2</key>
		<dict>
			<key>fileRef</key>
			<string>3A896C691A6FF2E1007BF9E2</string>
			<key>isa</key>
			<string>PBXBuildFile</string>
		</dict>
		<key>3A896C6C1A6FF30B007BF9E2</key>
		<dict>
			<key>fileEncoding</key>
			<string>4</string>
			<key>isa</key>
			<string>PBXFileReference</string>
			<key>lastKnownFileType</key>
			<string>sourcecode.c.h</string>
			<key>path</key>
			<string>ThanksView.h</string>
			<key>sourceTree</key>
			<string>&lt;group&gt;</string>
		</dict>
		<key>3A896C6D1A6FF30B007BF9E2</key>
		<dict>
			<key>fileEncoding</key>
			<string>4</string>
			<key>isa</key>
			<string>PBXFileReference</string>
			<key>lastKnownFileType</key>
			<string>sourcecode.c.objc</string>
			<key>path</key>
			<string>ThanksView.m</string>
			<key>sourceTree</key>
			<string>&lt;group&gt;</string>
		</dict>
		<key>3A896C6E1A6FF30B007BF9E2</key>
		<dict>
			<key>fileRef</key>
			<string>3A896C6C1A6FF30B007BF9E2</string>
			<key>isa</key>
			<string>PBXBuildFile</string>
		</dict>
		<key>3A896C6F1A6FF30B007BF9E2</key>
		<dict>
			<key>fileRef</key>
			<string>3A896C6D1A6FF30B007BF9E2</string>
			<key>isa</key>
			<string>PBXBuildFile</string>
		</dict>
		<key>3AC9C2651A7B978500062666</key>
		<dict>
			<key>isa</key>
			<string>PBXFileReference</string>
			<key>lastKnownFileType</key>
			<string>image.png</string>
			<key>path</key>
			<string>bg_bottom.png</string>
			<key>sourceTree</key>
			<string>&lt;group&gt;</string>
		</dict>
		<key>3AC9C2661A7B978500062666</key>
		<dict>
			<key>fileRef</key>
			<string>3AC9C2651A7B978500062666</string>
			<key>isa</key>
			<string>PBXBuildFile</string>
		</dict>
		<key>65C5E5121F7D7EBB49D0B9B8</key>
		<dict>
			<key>children</key>
			<array>
				<string>119B6A29B8C65070C2511A5A</string>
				<string>7720AB70260E3E76AF22F4F3</string>
			</array>
			<key>isa</key>
			<string>PBXGroup</string>
			<key>name</key>
			<string>Pods</string>
			<key>sourceTree</key>
			<string>&lt;group&gt;</string>
		</dict>
		<key>7720AB70260E3E76AF22F4F3</key>
		<dict>
			<key>includeInIndex</key>
			<string>1</string>
			<key>isa</key>
			<string>PBXFileReference</string>
			<key>lastKnownFileType</key>
			<string>text.xcconfig</string>
			<key>name</key>
			<string>Pods-TFLib.release.xcconfig</string>
			<key>path</key>
			<string>Pods/Target Support Files/Pods-TFLib/Pods-TFLib.release.xcconfig</string>
			<key>sourceTree</key>
			<string>&lt;group&gt;</string>
		</dict>
		<key>8F1DBB96E6C5CC21814009EE</key>
		<dict>
			<key>buildActionMask</key>
			<string>2147483647</string>
			<key>files</key>
			<array/>
			<key>inputPaths</key>
			<array/>
			<key>isa</key>
			<string>PBXShellScriptBuildPhase</string>
			<key>name</key>
			<string>Copy Pods Resources</string>
			<key>outputPaths</key>
			<array/>
			<key>runOnlyForDeploymentPostprocessing</key>
			<string>0</string>
			<key>shellPath</key>
			<string>/bin/sh</string>
			<key>shellScript</key>
			<string>"${SRCROOT}/Pods/Target Support Files/Pods-TFLib/Pods-TFLib-resources.sh"
</string>
			<key>showEnvVarsInLog</key>
			<string>0</string>
		</dict>
		<key>92212DD1F47978E764607E24</key>
		<dict>
			<key>children</key>
			<array>
				<string>C5B9D2FD5D9B596167A6C50C</string>
			</array>
			<key>isa</key>
			<string>PBXGroup</string>
			<key>name</key>
			<string>Frameworks</string>
			<key>sourceTree</key>
			<string>&lt;group&gt;</string>
		</dict>
		<key>AA999E4ABAA4A658F7B85C5F</key>
		<dict>
			<key>buildActionMask</key>
			<string>2147483647</string>
			<key>files</key>
			<array/>
			<key>inputPaths</key>
			<array/>
			<key>isa</key>
			<string>PBXShellScriptBuildPhase</string>
			<key>name</key>
			<string>Check Pods Manifest.lock</string>
			<key>outputPaths</key>
			<array/>
			<key>runOnlyForDeploymentPostprocessing</key>
			<string>0</string>
			<key>shellPath</key>
			<string>/bin/sh</string>
			<key>shellScript</key>
			<string>diff "${PODS_ROOT}/../Podfile.lock" "${PODS_ROOT}/Manifest.lock" &gt; /dev/null
if [[ $? != 0 ]] ; then
    cat &lt;&lt; EOM
error: The sandbox is not in sync with the Podfile.lock. Run 'pod install' or update your CocoaPods installation.
EOM
    exit 1
fi
</string>
			<key>showEnvVarsInLog</key>
			<string>0</string>
		</dict>
		<key>C5B9D2FD5D9B596167A6C50C</key>
		<dict>
			<key>explicitFileType</key>
			<string>archive.ar</string>
			<key>includeInIndex</key>
			<string>0</string>
			<key>isa</key>
			<string>PBXFileReference</string>
			<key>path</key>
			<string>libPods-TFLib.a</string>
			<key>sourceTree</key>
			<string>BUILT_PRODUCTS_DIR</string>
		</dict>
		<key>E2CCA19ED36EF9BEABA5BE6D</key>
		<dict>
			<key>fileRef</key>
			<string>C5B9D2FD5D9B596167A6C50C</string>
			<key>isa</key>
			<string>PBXBuildFile</string>
		</dict>
	</dict>
	<key>rootObject</key>
	<string>3A3E577219EA00F500A82565</string>
</dict>
</plist>
